
Microsoft Visual Studio Solution File, Format Version 10.00
# Visual C++ Express 2008
Project("{8BC9CEB8-8B4A-11D0-8D11-00A0C91BC942}") = "fsfatinfo", "fsfatinfo\fsfatinfo.vcproj", "{F1712BBA-1443-444B-B510-5E94D8D9FB1C}"
	ProjectSection(ProjectDependencies) = postProject
		{EA520200-40C9-4108-AF41-F4BD94426B86} = {EA520200-40C9-4108-AF41-F4BD94426B86}
		{0621D2B3-B785-4FA6-801D-A02468FD33FC} = {0621D2B3-B785-4FA6-801D-A02468FD33FC}
		{DF255C6F-3278-4130-85A9-028ABFE48DA9} = {DF255C6F-3278-4130-85A9-028ABFE48DA9}
		{16F6FEBA-3EA7-468B-8C3A-DF1DA908AF3E} = {16F6FEBA-3EA7-468B-8C3A-DF1DA908AF3E}
		{E3E1DDD4-208B-441E-8264-30A9A621780F} = {E3E1DDD4-208B-441E-8264-30A9A621780F}
		{F265F8AB-6C75-4E80-B1DB-099BF07A3F0D} = {F265F8AB-6C75-4E80-B1DB-099BF07A3F0D}
		{C3539261-D4C5-4DDF-8755-F6E8E6DCBA5B} = {C3539261-D4C5-4DDF-8755-F6E8E6DCBA5B}
		{1338EBB0-CD6D-4084-94AE-15A3C56257F0} = {1338EBB0-CD6D-4084-94AE-15A3C56257F0}
		{9416F0D9-E528-4564-A015-AA09ED6C133F} = {9416F0D9-E528-4564-A015-AA09ED6C133F}
		{44882142-3A42-41A0-B775-4A19D995A33C} = {44882142-3A42-41A0-B775-4A19D995A33C}
		{70909A67-812A-4886-83C8-D18F042F094F} = {70909A67-812A-4886-83C8-D18F042F094F}
		{5EEDFD14-1F09-4FC6-97D1-EFCAECE0D1BF} = {5EEDFD14-1F09-4FC6-97D1-EFCAECE0D1BF}
		{9E2BF594-143A-4358-A82A-328E48DA0CE3} = {9E2BF594-143A-4358-A82A-328E48DA0CE3}
	EndProjectSection
EndProject
Project("{8BC9CEB8-8B4A-11D0-8D11-00A0C91BC942}") = "fsfatmount", "fsfatmount\fsfatmount.vcproj", "{BFA5141D-DF4E-4902-8125-01DC7C072A7F}"
	ProjectSection(ProjectDependencies) = postProject
		{16F6FEBA-3EA7-468B-8C3A-DF1DA908AF3E} = {16F6FEBA-3EA7-468B-8C3A-DF1DA908AF3E}
		{E3E1DDD4-208B-441E-8264-30A9A621780F} = {E3E1DDD4-208B-441E-8264-30A9A621780F}
		{F265F8AB-6C75-4E80-B1DB-099BF07A3F0D} = {F265F8AB-6C75-4E80-B1DB-099BF07A3F0D}
		{C3539261-D4C5-4DDF-8755-F6E8E6DCBA5B} = {C3539261-D4C5-4DDF-8755-F6E8E6DCBA5B}
		{1338EBB0-CD6D-4084-94AE-15A3C56257F0} = {1338EBB0-CD6D-4084-94AE-15A3C56257F0}
		{44882142-3A42-41A0-B775-4A19D995A33C} = {44882142-3A42-41A0-B775-4A19D995A33C}
		{70909A67-812A-4886-83C8-D18F042F094F} = {70909A67-812A-4886-83C8-D18F042F094F}
		{9416F0D9-E528-4564-A015-AA09ED6C133F} = {9416F0D9-E528-4564-A015-AA09ED6C133F}
		{5EEDFD14-1F09-4FC6-97D1-EFCAECE0D1BF} = {5EEDFD14-1F09-4FC6-97D1-EFCAECE0D1BF}
		{9E2BF594-143A-4358-A82A-328E48DA0CE3} = {9E2BF594-143A-4358-A82A-328E48DA0CE3}
	EndProjectSection
EndProject
Project("{8BC9CEB8-8B4A-11D0-8D11-00A0C91BC942}") = "libfsfat", "libfsfat\libfsfat.vcproj", "{5EEDFD14-1F09-4FC6-97D1-EFCAECE0D1BF}"
	ProjectSection(ProjectDependencies) = postProject
		{9E2BF594-143A-4358-A82A-328E48DA0CE3} = {9E2BF594-143A-4358-A82A-328E48DA0CE3}
		{3E9CEBBC-48A2-47EC-85AA-7199D3A67A58} = {3E9CEBBC-48A2-47EC-85AA-7199D3A67A58}
		{9416F0D9-E528-4564-A015-AA09ED6C133F} = {9416F0D9-E528-4564-A015-AA09ED6C133F}
		{70909A67-812A-4886-83C8-D18F042F094F} = {70909A67-812A-4886-83C8-D18F042F094F}
		{44882142-3A42-41A0-B775-4A19D995A33C} = {44882142-3A42-41A0-B775-4A19D995A33C}
		{1338EBB0-CD6D-4084-94AE-15A3C56257F0} = {1338EBB0-CD6D-4084-94AE-15A3C56257F0}
		{C3539261-D4C5-4DDF-8755-F6E8E6DCBA5B} = {C3539261-D4C5-4DDF-8755-F6E8E6DCBA5B}
		{F265F8AB-6C75-4E80-B1DB-099BF07A3F0D} = {F265F8AB-6C75-4E80-B1DB-099BF07A3F0D}
		{E3E1DDD4-208B-441E-8264-30A9A621780F} = {E3E1DDD4-208B-441E-8264-30A9A621780F}
		{16F6FEBA-3EA7-468B-8C3A-DF1DA908AF3E} = {16F6FEBA-3EA7-468B-8C3A-DF1DA908AF3E}
		{C5670173-B4A4-435C-A0AE-2D6BD7B0917A} = {C5670173-B4A4-435C-A0AE-2D6BD7B0917A}
		{3AE13B68-6BD9-43FD-B3E8-F257AB9398CD} = {3AE13B68-6BD9-43FD-B3E8-F257AB9398CD}
		{DF255C6F-3278-4130-85A9-028ABFE48DA9} = {DF255C6F-3278-4130-85A9-028ABFE48DA9}
		{0621D2B3-B785-4FA6-801D-A02468FD33FC} = {0621D2B3-B785-4FA6-801D-A02468FD33FC}
	EndProjectSection
EndProject
Project("{8BC9CEB8-8B4A-11D0-8D11-00A0C91BC942}") = "pyfsfat", "pyfsfat\pyfsfat.vcproj", "{49EF0652-2857-40F2-ABE8-C4528B974482}"
	ProjectSection(ProjectDependencies) = postProject
		{9E2BF594-143A-4358-A82A-328E48DA0CE3} = {9E2BF594-143A-4358-A82A-328E48DA0CE3}
		{5EEDFD14-1F09-4FC6-97D1-EFCAECE0D1BF} = {5EEDFD14-1F09-4FC6-97D1-EFCAECE0D1BF}
		{9416F0D9-E528-4564-A015-AA09ED6C133F} = {9416F0D9-E528-4564-A015-AA09ED6C133F}
		{70909A67-812A-4886-83C8-D18F042F094F} = {70909A67-812A-4886-83C8-D18F042F094F}
		{1338EBB0-CD6D-4084-94AE-15A3C56257F0} = {1338EBB0-CD6D-4084-94AE-15A3C56257F0}
		{C3539261-D4C5-4DDF-8755-F6E8E6DCBA5B} = {C3539261-D4C5-4DDF-8755-F6E8E6DCBA5B}
		{F265F8AB-6C75-4E80-B1DB-099BF07A3F0D} = {F265F8AB-6C75-4E80-B1DB-099BF07A3F0D}
		{E3E1DDD4-208B-441E-8264-30A9A621780F} = {E3E1DDD4-208B-441E-8264-30A9A621780F}
		{16F6FEBA-3EA7-468B-8C3A-DF1DA908AF3E} = {16F6FEBA-3EA7-468B-8C3A-DF1DA908AF3E}
	EndProjectSection
EndProject
Project("{8BC9CEB8-8B4A-11D0-8D11-00A0C91BC942}") = "fsfat_test_allocation_table", "fsfat_test_allocation_table\fsfat_test_allocation_table.vcproj", "{D9B04252-10D9-48A7-832E-10EB6578F641}"
	ProjectSection(ProjectDependencies) = postProject
		{5EEDFD14-1F09-4FC6-97D1-EFCAECE0D1BF} = {5EEDFD14-1F09-4FC6-97D1-EFCAECE0D1BF}
		{9E2BF594-143A-4358-A82A-328E48DA0CE3} = {9E2BF594-143A-4358-A82A-328E48DA0CE3}
	EndProjectSection
EndProject
Project("{8BC9CEB8-8B4A-11D0-8D11-00A0C91BC942}") = "fsfat_test_boot_record", "fsfat_test_boot_record\fsfat_test_boot_record.vcproj", "{794CBF0E-372B-4C0B-B925-61EBE6930AF6}"
	ProjectSection(ProjectDependencies) = postProject
		{16F6FEBA-3EA7-468B-8C3A-DF1DA908AF3E} = {16F6FEBA-3EA7-468B-8C3A-DF1DA908AF3E}
		{E3E1DDD4-208B-441E-8264-30A9A621780F} = {E3E1DDD4-208B-441E-8264-30A9A621780F}
		{F265F8AB-6C75-4E80-B1DB-099BF07A3F0D} = {F265F8AB-6C75-4E80-B1DB-099BF07A3F0D}
		{C3539261-D4C5-4DDF-8755-F6E8E6DCBA5B} = {C3539261-D4C5-4DDF-8755-F6E8E6DCBA5B}
		{1338EBB0-CD6D-4084-94AE-15A3C56257F0} = {1338EBB0-CD6D-4084-94AE-15A3C56257F0}
		{44882142-3A42-41A0-B775-4A19D995A33C} = {44882142-3A42-41A0-B775-4A19D995A33C}
		{70909A67-812A-4886-83C8-D18F042F094F} = {70909A67-812A-4886-83C8-D18F042F094F}
		{9416F0D9-E528-4564-A015-AA09ED6C133F} = {9416F0D9-E528-4564-A015-AA09ED6C133F}
		{5EEDFD14-1F09-4FC6-97D1-EFCAECE0D1BF} = {5EEDFD14-1F09-4FC6-97D1-EFCAECE0D1BF}
		{9E2BF594-143A-4358-A82A-328E48DA0CE3} = {9E2BF594-143A-4358-A82A-328E48DA0CE3}
	EndProjectSection
EndProject
Project("{8BC9CEB8-8B4A-11D0-8D11-00A0C91BC942}") = "fsfat_test_directory_entry", "fsfat_test_directory_entry\fsfat_test_directory_entry.vcproj", "{A27EA262-0F68-4E56-8A4B-4FFD3299733A}"
	ProjectSection(ProjectDependencies) = postProject
		{16F6FEBA-3EA7-468B-8C3A-DF1DA908AF3E} = {16F6FEBA-3EA7-468B-8C3A-DF1DA908AF3E}
		{E3E1DDD4-208B-441E-8264-30A9A621780F} = {E3E1DDD4-208B-441E-8264-30A9A621780F}
		{F265F8AB-6C75-4E80-B1DB-099BF07A3F0D} = {F265F8AB-6C75-4E80-B1DB-099BF07A3F0D}
		{C3539261-D4C5-4DDF-8755-F6E8E6DCBA5B} = {C3539261-D4C5-4DDF-8755-F6E8E6DCBA5B}
		{1338EBB0-CD6D-4084-94AE-15A3C56257F0} = {1338EBB0-CD6D-4084-94AE-15A3C56257F0}
		{44882142-3A42-41A0-B775-4A19D995A33C} = {44882142-3A42-41A0-B775-4A19D995A33C}
		{70909A67-812A-4886-83C8-D18F042F094F} = {70909A67-812A-4886-83C8-D18F042F094F}
		{9416F0D9-E528-4564-A015-AA09ED6C133F} = {9416F0D9-E528-4564-A015-AA09ED6C133F}
		{5EEDFD14-1F09-4FC6-97D1-EFCAECE0D1BF} = {5EEDFD14-1F09-4FC6-97D1-EFCAECE0D1BF}
		{9E2BF594-143A-4358-A82A-328E48DA0CE3} = {9E2BF594-143A-4358-A82A-328E48DA0CE3}
	EndProjectSection
EndProject
Project("{8BC9CEB8-8B4A-11D0-8D11-00A0C91BC942}") = "fsfat_test_error", "fsfat_test_error\fsfat_test_error.vcproj", "{3588C316-95AC-4D98-9DA4-A1EB7B9476F4}"
	ProjectSection(ProjectDependencies) = postProject
		{5EEDFD14-1F09-4FC6-97D1-EFCAECE0D1BF} = {5EEDFD14-1F09-4FC6-97D1-EFCAECE0D1BF}
	EndProjectSection
EndProject
Project("{8BC9CEB8-8B4A-11D0-8D11-00A0C91BC942}") = "fsfat_test_file_entry", "fsfat_test_file_entry\fsfat_test_file_entry.vcproj", "{79747140-4C86-4F2C-B71D-27E4A5BD6FF3}"
	ProjectSection(ProjectDependencies) = postProject
		{5EEDFD14-1F09-4FC6-97D1-EFCAECE0D1BF} = {5EEDFD14-1F09-4FC6-97D1-EFCAECE0D1BF}
		{9E2BF594-143A-4358-A82A-328E48DA0CE3} = {9E2BF594-143A-4358-A82A-328E48DA0CE3}
	EndProjectSection
EndProject
Project("{8BC9CEB8-8B4A-11D0-8D11-00A0C91BC942}") = "fsfat_test_io_handle", "fsfat_test_io_handle\fsfat_test_io_handle.vcproj", "{4BA3D4E3-7D2C-4212-B506-67D14CF3EF1B}"
	ProjectSection(ProjectDependencies) = postProject
		{5EEDFD14-1F09-4FC6-97D1-EFCAECE0D1BF} = {5EEDFD14-1F09-4FC6-97D1-EFCAECE0D1BF}
		{9E2BF594-143A-4358-A82A-328E48DA0CE3} = {9E2BF594-143A-4358-A82A-328E48DA0CE3}
	EndProjectSection
EndProject
Project("{8BC9CEB8-8B4A-11D0-8D11-00A0C91BC942}") = "fsfat_test_notify", "fsfat_test_notify\fsfat_test_notify.vcproj", "{258F8E34-060A-4682-BC4F-2F6CF661AC39}"
	ProjectSection(ProjectDependencies) = postProject
		{5EEDFD14-1F09-4FC6-97D1-EFCAECE0D1BF} = {5EEDFD14-1F09-4FC6-97D1-EFCAECE0D1BF}
		{9E2BF594-143A-4358-A82A-328E48DA0CE3} = {9E2BF594-143A-4358-A82A-328E48DA0CE3}
	EndProjectSection
EndProject
Project("{8BC9CEB8-8B4A-11D0-8D11-00A0C91BC942}") = "fsfat_test_support", "fsfat_test_support\fsfat_test_support.vcproj", "{31904AE5-C27B-4CF2-90B6-83094A724B09}"
	ProjectSection(ProjectDependencies) = postProject
		{16F6FEBA-3EA7-468B-8C3A-DF1DA908AF3E} = {16F6FEBA-3EA7-468B-8C3A-DF1DA908AF3E}
		{E3E1DDD4-208B-441E-8264-30A9A621780F} = {E3E1DDD4-208B-441E-8264-30A9A621780F}
		{F265F8AB-6C75-4E80-B1DB-099BF07A3F0D} = {F265F8AB-6C75-4E80-B1DB-099BF07A3F0D}
		{C3539261-D4C5-4DDF-8755-F6E8E6DCBA5B} = {C3539261-D4C5-4DDF-8755-F6E8E6DCBA5B}
		{1338EBB0-CD6D-4084-94AE-15A3C56257F0} = {1338EBB0-CD6D-4084-94AE-15A3C56257F0}
		{44882142-3A42-41A0-B775-4A19D995A33C} = {44882142-3A42-41A0-B775-4A19D995A33C}
		{70909A67-812A-4886-83C8-D18F042F094F} = {70909A67-812A-4886-83C8-D18F042F094F}
		{9416F0D9-E528-4564-A015-AA09ED6C133F} = {9416F0D9-E528-4564-A015-AA09ED6C133F}
		{5EEDFD14-1F09-4FC6-97D1-EFCAECE0D1BF} = {5EEDFD14-1F09-4FC6-97D1-EFCAECE0D1BF}
		{9E2BF594-143A-4358-A82A-328E48DA0CE3} = {9E2BF594-143A-4358-A82A-328E48DA0CE3}
	EndProjectSection
EndProject
Project("{8BC9CEB8-8B4A-11D0-8D11-00A0C91BC942}") = "fsfat_test_tools_info_handle", "fsfat_test_tools_info_handle\fsfat_test_tools_info_handle.vcproj", "{B556FEDE-0F44-4655-AF75-C58619DCADB5}"
	ProjectSection(ProjectDependencies) = postProject
		{EA520200-40C9-4108-AF41-F4BD94426B86} = {EA520200-40C9-4108-AF41-F4BD94426B86}
		{0621D2B3-B785-4FA6-801D-A02468FD33FC} = {0621D2B3-B785-4FA6-801D-A02468FD33FC}
		{DF255C6F-3278-4130-85A9-028ABFE48DA9} = {DF255C6F-3278-4130-85A9-028ABFE48DA9}
		{16F6FEBA-3EA7-468B-8C3A-DF1DA908AF3E} = {16F6FEBA-3EA7-468B-8C3A-DF1DA908AF3E}
		{E3E1DDD4-208B-441E-8264-30A9A621780F} = {E3E1DDD4-208B-441E-8264-30A9A621780F}
		{F265F8AB-6C75-4E80-B1DB-099BF07A3F0D} = {F265F8AB-6C75-4E80-B1DB-099BF07A3F0D}
		{C3539261-D4C5-4DDF-8755-F6E8E6DCBA5B} = {C3539261-D4C5-4DDF-8755-F6E8E6DCBA5B}
		{1338EBB0-CD6D-4084-94AE-15A3C56257F0} = {1338EBB0-CD6D-4084-94AE-15A3C56257F0}
		{44882142-3A42-41A0-B775-4A19D995A33C} = {44882142-3A42-41A0-B775-4A19D995A33C}
		{70909A67-812A-4886-83C8-D18F042F094F} = {70909A67-812A-4886-83C8-D18F042F094F}
		{9416F0D9-E528-4564-A015-AA09ED6C133F} = {9416F0D9-E528-4564-A015-AA09ED6C133F}
		{5EEDFD14-1F09-4FC6-97D1-EFCAECE0D1BF} = {5EEDFD14-1F09-4FC6-97D1-EFCAECE0D1BF}
		{9E2BF594-143A-4358-A82A-328E48DA0CE3} = {9E2BF594-143A-4358-A82A-328E48DA0CE3}
	EndProjectSection
EndProject
Project("{8BC9CEB8-8B4A-11D0-8D11-00A0C91BC942}") = "fsfat_test_tools_output", "fsfat_test_tools_output\fsfat_test_tools_output.vcproj", "{CD62D3AF-273F-4995-9F22-B57D466ED451}"
	ProjectSection(ProjectDependencies) = postProject
		{5EEDFD14-1F09-4FC6-97D1-EFCAECE0D1BF} = {5EEDFD14-1F09-4FC6-97D1-EFCAECE0D1BF}
		{9E2BF594-143A-4358-A82A-328E48DA0CE3} = {9E2BF594-143A-4358-A82A-328E48DA0CE3}
	EndProjectSection
EndProject
Project("{8BC9CEB8-8B4A-11D0-8D11-00A0C91BC942}") = "fsfat_test_tools_signal", "fsfat_test_tools_signal\fsfat_test_tools_signal.vcproj", "{769E268F-4648-4F6F-BBC4-F6732203A2F3}"
	ProjectSection(ProjectDependencies) = postProject
		{5EEDFD14-1F09-4FC6-97D1-EFCAECE0D1BF} = {5EEDFD14-1F09-4FC6-97D1-EFCAECE0D1BF}
		{9E2BF594-143A-4358-A82A-328E48DA0CE3} = {9E2BF594-143A-4358-A82A-328E48DA0CE3}
	EndProjectSection
EndProject
Project("{8BC9CEB8-8B4A-11D0-8D11-00A0C91BC942}") = "fsfat_test_volume", "fsfat_test_volume\fsfat_test_volume.vcproj", "{6041BA15-6BB1-4E45-8929-62F9B8A10D79}"
	ProjectSection(ProjectDependencies) = postProject
		{16F6FEBA-3EA7-468B-8C3A-DF1DA908AF3E} = {16F6FEBA-3EA7-468B-8C3A-DF1DA908AF3E}
		{E3E1DDD4-208B-441E-8264-30A9A621780F} = {E3E1DDD4-208B-441E-8264-30A9A621780F}
		{F265F8AB-6C75-4E80-B1DB-099BF07A3F0D} = {F265F8AB-6C75-4E80-B1DB-099BF07A3F0D}
		{C3539261-D4C5-4DDF-8755-F6E8E6DCBA5B} = {C3539261-D4C5-4DDF-8755-F6E8E6DCBA5B}
		{1338EBB0-CD6D-4084-94AE-15A3C56257F0} = {1338EBB0-CD6D-4084-94AE-15A3C56257F0}
		{44882142-3A42-41A0-B775-4A19D995A33C} = {44882142-3A42-41A0-B775-4A19D995A33C}
		{70909A67-812A-4886-83C8-D18F042F094F} = {70909A67-812A-4886-83C8-D18F042F094F}
		{9416F0D9-E528-4564-A015-AA09ED6C133F} = {9416F0D9-E528-4564-A015-AA09ED6C133F}
		{5EEDFD14-1F09-4FC6-97D1-EFCAECE0D1BF} = {5EEDFD14-1F09-4FC6-97D1-EFCAECE0D1BF}
		{3E9CEBBC-48A2-47EC-85AA-7199D3A67A58} = {3E9CEBBC-48A2-47EC-85AA-7199D3A67A58}
		{9E2BF594-143A-4358-A82A-328E48DA0CE3} = {9E2BF594-143A-4358-A82A-328E48DA0CE3}
	EndProjectSection
EndProject
Project("{8BC9CEB8-8B4A-11D0-8D11-00A0C91BC942}") = "libbfio", "libbfio\libbfio.vcproj", "{16F6FEBA-3EA7-468B-8C3A-DF1DA908AF3E}"
	ProjectSection(ProjectDependencies) = postProject
		{9E2BF594-143A-4358-A82A-328E48DA0CE3} = {9E2BF594-143A-4358-A82A-328E48DA0CE3}
		{3E9CEBBC-48A2-47EC-85AA-7199D3A67A58} = {3E9CEBBC-48A2-47EC-85AA-7199D3A67A58}
		{70909A67-812A-4886-83C8-D18F042F094F} = {70909A67-812A-4886-83C8-D18F042F094F}
		{44882142-3A42-41A0-B775-4A19D995A33C} = {44882142-3A42-41A0-B775-4A19D995A33C}
		{9416F0D9-E528-4564-A015-AA09ED6C133F} = {9416F0D9-E528-4564-A015-AA09ED6C133F}
		{1338EBB0-CD6D-4084-94AE-15A3C56257F0} = {1338EBB0-CD6D-4084-94AE-15A3C56257F0}
		{F265F8AB-6C75-4E80-B1DB-099BF07A3F0D} = {F265F8AB-6C75-4E80-B1DB-099BF07A3F0D}
		{E3E1DDD4-208B-441E-8264-30A9A621780F} = {E3E1DDD4-208B-441E-8264-30A9A621780F}
		{C3539261-D4C5-4DDF-8755-F6E8E6DCBA5B} = {C3539261-D4C5-4DDF-8755-F6E8E6DCBA5B}
	EndProjectSection
EndProject
Project("{8BC9CEB8-8B4A-11D0-8D11-00A0C91BC942}") = "libcdata", "libcdata\libcdata.vcproj", "{9416F0D9-E528-4564-A015-AA09ED6C133F}"
	ProjectSection(ProjectDependencies) = postProject
		{9E2BF594-143A-4358-A82A-328E48DA0CE3} = {9E2BF594-143A-4358-A82A-328E48DA0CE3}
		{3E9CEBBC-48A2-47EC-85AA-7199D3A67A58} = {3E9CEBBC-48A2-47EC-85AA-7199D3A67A58}
	EndProjectSection
EndProject
Project("{8BC9CEB8-8B4A-11D0-8D11-00A0C91BC942}") = "libcerror", "libcerror\libcerror.vcproj", "{9E2BF594-143A-4358-A82A-328E48DA0CE3}"
EndProject
Project("{8BC9CEB8-8B4A-11D0-8D11-00A0C91BC942}") = "libcfile", "libcfile\libcfile.vcproj", "{F265F8AB-6C75-4E80-B1DB-099BF07A3F0D}"
	ProjectSection(ProjectDependencies) = postProject
		{9E2BF594-143A-4358-A82A-328E48DA0CE3} = {9E2BF594-143A-4358-A82A-328E48DA0CE3}
		{70909A67-812A-4886-83C8-D18F042F094F} = {70909A67-812A-4886-83C8-D18F042F094F}
		{44882142-3A42-41A0-B775-4A19D995A33C} = {44882142-3A42-41A0-B775-4A19D995A33C}
		{C3539261-D4C5-4DDF-8755-F6E8E6DCBA5B} = {C3539261-D4C5-4DDF-8755-F6E8E6DCBA5B}
	EndProjectSection
EndProject
Project("{8BC9CEB8-8B4A-11D0-8D11-00A0C91BC942}") = "libclocale", "libclocale\libclocale.vcproj", "{70909A67-812A-4886-83C8-D18F042F094F}"
	ProjectSection(ProjectDependencies) = postProject
		{9E2BF594-143A-4358-A82A-328E48DA0CE3} = {9E2BF594-143A-4358-A82A-328E48DA0CE3}
	EndProjectSection
EndProject
Project("{8BC9CEB8-8B4A-11D0-8D11-00A0C91BC942}") = "libcnotify", "libcnotify\libcnotify.vcproj", "{44882142-3A42-41A0-B775-4A19D995A33C}"
	ProjectSection(ProjectDependencies) = postProject
		{9E2BF594-143A-4358-A82A-328E48DA0CE3} = {9E2BF594-143A-4358-A82A-328E48DA0CE3}
	EndProjectSection
EndProject
Project("{8BC9CEB8-8B4A-11D0-8D11-00A0C91BC942}") = "libcpath", "libcpath\libcpath.vcproj", "{E3E1DDD4-208B-441E-8264-30A9A621780F}"
	ProjectSection(ProjectDependencies) = postProject
		{9E2BF594-143A-4358-A82A-328E48DA0CE3} = {9E2BF594-143A-4358-A82A-328E48DA0CE3}
		{70909A67-812A-4886-83C8-D18F042F094F} = {70909A67-812A-4886-83C8-D18F042F094F}
		{1338EBB0-CD6D-4084-94AE-15A3C56257F0} = {1338EBB0-CD6D-4084-94AE-15A3C56257F0}
		{C3539261-D4C5-4DDF-8755-F6E8E6DCBA5B} = {C3539261-D4C5-4DDF-8755-F6E8E6DCBA5B}
	EndProjectSection
EndProject
Project("{8BC9CEB8-8B4A-11D0-8D11-00A0C91BC942}") = "libcsplit", "libcsplit\libcsplit.vcproj", "{1338EBB0-CD6D-4084-94AE-15A3C56257F0}"
	ProjectSection(ProjectDependencies) = postProject
		{9E2BF594-143A-4358-A82A-328E48DA0CE3} = {9E2BF594-143A-4358-A82A-328E48DA0CE3}
	EndProjectSection
EndProject
Project("{8BC9CEB8-8B4A-11D0-8D11-00A0C91BC942}") = "libcthreads", "libcthreads\libcthreads.vcproj", "{3E9CEBBC-48A2-47EC-85AA-7199D3A67A58}"
	ProjectSection(ProjectDependencies) = postProject
		{9E2BF594-143A-4358-A82A-328E48DA0CE3} = {9E2BF594-143A-4358-A82A-328E48DA0CE3}
	EndProjectSection
EndProject
Project("{8BC9CEB8-8B4A-11D0-8D11-00A0C91BC942}") = "libfcache", "libfcache\libfcache.vcproj", "{C5670173-B4A4-435C-A0AE-2D6BD7B0917A}"
	ProjectSection(ProjectDependencies) = postProject
		{9E2BF594-143A-4358-A82A-328E48DA0CE3} = {9E2BF594-143A-4358-A82A-328E48DA0CE3}
		{3E9CEBBC-48A2-47EC-85AA-7199D3A67A58} = {3E9CEBBC-48A2-47EC-85AA-7199D3A67A58}
		{9416F0D9-E528-4564-A015-AA09ED6C133F} = {9416F0D9-E528-4564-A015-AA09ED6C133F}
	EndProjectSection
EndProject
Project("{8BC9CEB8-8B4A-11D0-8D11-00A0C91BC942}") = "libfdata", "libfdata\libfdata.vcproj", "{3AE13B68-6BD9-43FD-B3E8-F257AB9398CD}"
	ProjectSection(ProjectDependencies) = postProject
		{9E2BF594-143A-4358-A82A-328E48DA0CE3} = {9E2BF594-143A-4358-A82A-328E48DA0CE3}
		{3E9CEBBC-48A2-47EC-85AA-7199D3A67A58} = {3E9CEBBC-48A2-47EC-85AA-7199D3A67A58}
		{9416F0D9-E528-4564-A015-AA09ED6C133F} = {9416F0D9-E528-4564-A015-AA09ED6C133F}
		{44882142-3A42-41A0-B775-4A19D995A33C} = {44882142-3A42-41A0-B775-4A19D995A33C}
		{C5670173-B4A4-435C-A0AE-2D6BD7B0917A} = {C5670173-B4A4-435C-A0AE-2D6BD7B0917A}
	EndProjectSection
EndProject
Project("{8BC9CEB8-8B4A-11D0-8D11-00A0C91BC942}") = "libfdatetime", "libfdatetime\libfdatetime.vcproj", "{DF255C6F-3278-4130-85A9-028ABFE48DA9}"
	ProjectSection(ProjectDependencies) = postProject
		{9E2BF594-143A-4358-A82A-328E48DA0CE3} = {9E2BF594-143A-4358-A82A-328E48DA0CE3}
	EndProjectSection
EndProject
Project("{8BC9CEB8-8B4A-11D0-8D11-00A0C91BC942}") = "libfguid", "libfguid\libfguid.vcproj", "{0621D2B3-B785-4FA6-801D-A02468FD33FC}"
	ProjectSection(ProjectDependencies) = postProject
		{9E2BF594-143A-4358-A82A-328E48DA0CE3} = {9E2BF594-143A-4358-A82A-328E48DA0CE3}
	EndProjectSection
EndProject
Project("{8BC9CEB8-8B4A-11D0-8D11-00A0C91BC942}") = "libhmac", "libhmac\libhmac.vcproj", "{EA520200-40C9-4108-AF41-F4BD94426B86}"
	ProjectSection(ProjectDependencies) = postProject
		{9E2BF594-143A-4358-A82A-328E48DA0CE3} = {9E2BF594-143A-4358-A82A-328E48DA0CE3}
	EndProjectSection
EndProject
Project("{8BC9CEB8-8B4A-11D0-8D11-00A0C91BC942}") = "libuna", "libuna\libuna.vcproj", "{C3539261-D4C5-4DDF-8755-F6E8E6DCBA5B}"
	ProjectSection(ProjectDependencies) = postProject
		{9E2BF594-143A-4358-A82A-328E48DA0CE3} = {9E2BF594-143A-4358-A82A-328E48DA0CE3}
	EndProjectSection
EndProject
Global
	GlobalSection(SolutionConfigurationPlatforms) = preSolution
		Release|Win32 = Release|Win32
		VSDebug|Win32 = VSDebug|Win32
	EndGlobalSection
	GlobalSection(ProjectConfigurationPlatforms) = postSolution
		{F1712BBA-1443-444B-B510-5E94D8D9FB1C}.Release|Win32.ActiveCfg = Release|Win32
		{F1712BBA-1443-444B-B510-5E94D8D9FB1C}.Release|Win32.Build.0 = Release|Win32
		{F1712BBA-1443-444B-B510-5E94D8D9FB1C}.VSDebug|Win32.ActiveCfg = VSDebug|Win32
		{F1712BBA-1443-444B-B510-5E94D8D9FB1C}.VSDebug|Win32.Build.0 = VSDebug|Win32
		{BFA5141D-DF4E-4902-8125-01DC7C072A7F}.Release|Win32.ActiveCfg = Release|Win32
		{BFA5141D-DF4E-4902-8125-01DC7C072A7F}.Release|Win32.Build.0 = Release|Win32
		{BFA5141D-DF4E-4902-8125-01DC7C072A7F}.VSDebug|Win32.ActiveCfg = VSDebug|Win32
		{BFA5141D-DF4E-4902-8125-01DC7C072A7F}.VSDebug|Win32.Build.0 = VSDebug|Win32
		{5EEDFD14-1F09-4FC6-97D1-EFCAECE0D1BF}.Release|Win32.ActiveCfg = Release|Win32
		{5EEDFD14-1F09-4FC6-97D1-EFCAECE0D1BF}.Release|Win32.Build.0 = Release|Win32
		{5EEDFD14-1F09-4FC6-97D1-EFCAECE0D1BF}.VSDebug|Win32.ActiveCfg = VSDebug|Win32
		{5EEDFD14-1F09-4FC6-97D1-EFCAECE0D1BF}.VSDebug|Win32.Build.0 = VSDebug|Win32
		{49EF0652-2857-40F2-ABE8-C4528B974482}.Release|Win32.ActiveCfg = Release|Win32
		{49EF0652-2857-40F2-ABE8-C4528B974482}.Release|Win32.Build.0 = Release|Win32
		{49EF0652-2857-40F2-ABE8-C4528B974482}.VSDebug|Win32.ActiveCfg = VSDebug|Win32
		{49EF0652-2857-40F2-ABE8-C4528B974482}.VSDebug|Win32.Build.0 = VSDebug|Win32
		{D9B04252-10D9-48A7-832E-10EB6578F641}.Release|Win32.ActiveCfg = Release|Win32
		{D9B04252-10D9-48A7-832E-10EB6578F641}.Release|Win32.Build.0 = Release|Win32
		{D9B04252-10D9-48A7-832E-10EB6578F641}.VSDebug|Win32.ActiveCfg = VSDebug|Win32
		{D9B04252-10D9-48A7-832E-10EB6578F641}.VSDebug|Win32.Build.0 = VSDebug|Win32
		{794CBF0E-372B-4C0B-B925-61EBE6930AF6}.Release|Win32.ActiveCfg = Release|Win32
		{794CBF0E-372B-4C0B-B925-61EBE6930AF6}.Release|Win32.Build.0 = Release|Win32
		{794CBF0E-372B-4C0B-B925-61EBE6930AF6}.VSDebug|Win32.ActiveCfg = VSDebug|Win32
		{794CBF0E-372B-4C0B-B925-61EBE6930AF6}.VSDebug|Win32.Build.0 = VSDebug|Win32
		{A27EA262-0F68-4E56-8A4B-4FFD3299733A}.Release|Win32.ActiveCfg = Release|Win32
		{A27EA262-0F68-4E56-8A4B-4FFD3299733A}.Release|Win32.Build.0 = Release|Win32
		{A27EA262-0F68-4E56-8A4B-4FFD3299733A}.VSDebug|Win32.ActiveCfg = VSDebug|Win32
		{A27EA262-0F68-4E56-8A4B-4FFD3299733A}.VSDebug|Win32.Build.0 = VSDebug|Win32
		{3588C316-95AC-4D98-9DA4-A1EB7B9476F4}.Release|Win32.ActiveCfg = Release|Win32
		{3588C316-95AC-4D98-9DA4-A1EB7B9476F4}.Release|Win32.Build.0 = Release|Win32
		{3588C316-95AC-4D98-9DA4-A1EB7B9476F4}.VSDebug|Win32.ActiveCfg = VSDebug|Win32
		{3588C316-95AC-4D98-9DA4-A1EB7B9476F4}.VSDebug|Win32.Build.0 = VSDebug|Win32
		{79747140-4C86-4F2C-B71D-27E4A5BD6FF3}.Release|Win32.ActiveCfg = Release|Win32
		{79747140-4C86-4F2C-B71D-27E4A5BD6FF3}.Release|Win32.Build.0 = Release|Win32
		{79747140-4C86-4F2C-B71D-27E4A5BD6FF3}.VSDebug|Win32.ActiveCfg = VSDebug|Win32
		{79747140-4C86-4F2C-B71D-27E4A5BD6FF3}.VSDebug|Win32.Build.0 = VSDebug|Win32
		{4BA3D4E3-7D2C-4212-B506-67D14CF3EF1B}.Release|Win32.ActiveCfg = Release|Win32
		{4BA3D4E3-7D2C-4212-B506-67D14CF3EF1B}.Release|Win32.Build.0 = Release|Win32
		{4BA3D4E3-7D2C-4212-B506-67D14CF3EF1B}.VSDebug|Win32.ActiveCfg = VSDebug|Win32
		{4BA3D4E3-7D2C-4212-B506-67D14CF3EF1B}.VSDebug|Win32.Build.0 = VSDebug|Win32
		{258F8E34-060A-4682-BC4F-2F6CF661AC39}.Release|Win32.ActiveCfg = Release|Win32
		{258F8E34-060A-4682-BC4F-2F6CF661AC39}.Release|Win32.Build.0 = Release|Win32
		{258F8E34-060A-4682-BC4F-2F6CF661AC39}.VSDebug|Win32.ActiveCfg = VSDebug|Win32
		{258F8E34-060A-4682-BC4F-2F6CF661AC39}.VSDebug|Win32.Build.0 = VSDebug|Win32
		{31904AE5-C27B-4CF2-90B6-83094A724B09}.Release|Win32.ActiveCfg = Release|Win32
		{31904AE5-C27B-4CF2-90B6-83094A724B09}.Release|Win32.Build.0 = Release|Win32
		{31904AE5-C27B-4CF2-90B6-83094A724B09}.VSDebug|Win32.ActiveCfg = VSDebug|Win32
		{31904AE5-C27B-4CF2-90B6-83094A724B09}.VSDebug|Win32.Build.0 = VSDebug|Win32
		{B556FEDE-0F44-4655-AF75-C58619DCADB5}.Release|Win32.ActiveCfg = Release|Win32
		{B556FEDE-0F44-4655-AF75-C58619DCADB5}.Release|Win32.Build.0 = Release|Win32
		{B556FEDE-0F44-4655-AF75-C58619DCADB5}.VSDebug|Win32.ActiveCfg = VSDebug|Win32
		{B556FEDE-0F44-4655-AF75-C58619DCADB5}.VSDebug|Win32.Build.0 = VSDebug|Win32
		{CD62D3AF-273F-4995-9F22-B57D466ED451}.Release|Win32.ActiveCfg = Release|Win32
		{CD62D3AF-273F-4995-9F22-B57D466ED451}.Release|Win32.Build.0 = Release|Win32
		{CD62D3AF-273F-4995-9F22-B57D466ED451}.VSDebug|Win32.ActiveCfg = VSDebug|Win32
		{CD62D3AF-273F-4995-9F22-B57D466ED451}.VSDebug|Win32.Build.0 = VSDebug|Win32
		{769E268F-4648-4F6F-BBC4-F6732203A2F3}.Release|Win32.ActiveCfg = Release|Win32
		{769E268F-4648-4F6F-BBC4-F6732203A2F3}.Release|Win32.Build.0 = Release|Win32
		{769E268F-4648-4F6F-BBC4-F6732203A2F3}.VSDebug|Win32.ActiveCfg = VSDebug|Win32
		{769E268F-4648-4F6F-BBC4-F6732203A2F3}.VSDebug|Win32.Build.0 = VSDebug|Win32
		{6041BA15-6BB1-4E45-8929-62F9B8A10D79}.Release|Win32.ActiveCfg = Release|Win32
		{6041BA15-6BB1-4E45-8929-62F9B8A10D79}.Release|Win32.Build.0 = Release|Win32
		{6041BA15-6BB1-4E45-8929-62F9B8A10D79}.VSDebug|Win32.ActiveCfg = VSDebug|Win32
		{6041BA15-6BB1-4E45-8929-62F9B8A10D79}.VSDebug|Win32.Build.0 = VSDebug|Win32
		{16F6FEBA-3EA7-468B-8C3A-DF1DA908AF3E}.Release|Win32.ActiveCfg = Release|Win32
		{16F6FEBA-3EA7-468B-8C3A-DF1DA908AF3E}.Release|Win32.Build.0 = Release|Win32
		{16F6FEBA-3EA7-468B-8C3A-DF1DA908AF3E}.VSDebug|Win32.ActiveCfg = VSDebug|Win32
		{16F6FEBA-3EA7-468B-8C3A-DF1DA908AF3E}.VSDebug|Win32.Build.0 = VSDebug|Win32
		{9416F0D9-E528-4564-A015-AA09ED6C133F}.Release|Win32.ActiveCfg = Release|Win32
		{9416F0D9-E528-4564-A015-AA09ED6C133F}.Release|Win32.Build.0 = Release|Win32
		{9416F0D9-E528-4564-A015-AA09ED6C133F}.VSDebug|Win32.ActiveCfg = VSDebug|Win32
		{9416F0D9-E528-4564-A015-AA09ED6C133F}.VSDebug|Win32.Build.0 = VSDebug|Win32
		{9E2BF594-143A-4358-A82A-328E48DA0CE3}.Release|Win32.ActiveCfg = Release|Win32
		{9E2BF594-143A-4358-A82A-328E48DA0CE3}.Release|Win32.Build.0 = Release|Win32
		{9E2BF594-143A-4358-A82A-328E48DA0CE3}.VSDebug|Win32.ActiveCfg = VSDebug|Win32
		{9E2BF594-143A-4358-A82A-328E48DA0CE3}.VSDebug|Win32.Build.0 = VSDebug|Win32
		{F265F8AB-6C75-4E80-B1DB-099BF07A3F0D}.Release|Win32.ActiveCfg = Release|Win32
		{F265F8AB-6C75-4E80-B1DB-099BF07A3F0D}.Release|Win32.Build.0 = Release|Win32
		{F265F8AB-6C75-4E80-B1DB-099BF07A3F0D}.VSDebug|Win32.ActiveCfg = VSDebug|Win32
		{F265F8AB-6C75-4E80-B1DB-099BF07A3F0D}.VSDebug|Win32.Build.0 = VSDebug|Win32
		{70909A67-812A-4886-83C8-D18F042F094F}.Release|Win32.ActiveCfg = Release|Win32
		{70909A67-812A-4886-83C8-D18F042F094F}.Release|Win32.Build.0 = Release|Win32
		{70909A67-812A-4886-83C8-D18F042F094F}.VSDebug|Win32.ActiveCfg = VSDebug|Win32
		{70909A67-812A-4886-83C8-D18F042F094F}.VSDebug|Win32.Build.0 = VSDebug|Win32
		{44882142-3A42-41A0-B775-4A19D995A33C}.Release|Win32.ActiveCfg = Release|Win32
		{44882142-3A42-41A0-B775-4A19D995A33C}.Release|Win32.Build.0 = Release|Win32
		{44882142-3A42-41A0-B775-4A19D995A33C}.VSDebug|Win32.ActiveCfg = VSDebug|Win32
		{44882142-3A42-41A0-B775-4A19D995A33C}.VSDebug|Win32.Build.0 = VSDebug|Win32
		{E3E1DDD4-208B-441E-8264-30A9A621780F}.Release|Win32.ActiveCfg = Release|Win32
		{E3E1DDD4-208B-441E-8264-30A9A621780F}.Release|Win32.Build.0 = Release|Win32
		{E3E1DDD4-208B-441E-8264-30A9A621780F}.VSDebug|Win32.ActiveCfg = VSDebug|Win32
		{E3E1DDD4-208B-441E-8264-30A9A621780F}.VSDebug|Win32.Build.0 = VSDebug|Win32
		{1338EBB0-CD6D-4084-94AE-15A3C56257F0}.Release|Win32.ActiveCfg = Release|Win32
		{1338EBB0-CD6D-4084-94AE-15A3C56257F0}.Release|Win32.Build.0 = Release|Win32
		{1338EBB0-CD6D-4084-94AE-15A3C56257F0}.VSDebug|Win32.ActiveCfg = VSDebug|Win32
		{1338EBB0-CD6D-4084-94AE-15A3C56257F0}.VSDebug|Win32.Build.0 = VSDebug|Win32
		{3E9CEBBC-48A2-47EC-85AA-7199D3A67A58}.Release|Win32.ActiveCfg = Release|Win32
		{3E9CEBBC-48A2-47EC-85AA-7199D3A67A58}.Release|Win32.Build.0 = Release|Win32
		{3E9CEBBC-48A2-47EC-85AA-7199D3A67A58}.VSDebug|Win32.ActiveCfg = VSDebug|Win32
		{3E9CEBBC-48A2-47EC-85AA-7199D3A67A58}.VSDebug|Win32.Build.0 = VSDebug|Win32
		{C5670173-B4A4-435C-A0AE-2D6BD7B0917A}.Release|Win32.ActiveCfg = Release|Win32
		{C5670173-B4A4-435C-A0AE-2D6BD7B0917A}.Release|Win32.Build.0 = Release|Win32
		{C5670173-B4A4-435C-A0AE-2D6BD7B0917A}.VSDebug|Win32.ActiveCfg = VSDebug|Win32
		{C5670173-B4A4-435C-A0AE-2D6BD7B0917A}.VSDebug|Win32.Build.0 = VSDebug|Win32
		{3AE13B68-6BD9-43FD-B3E8-F257AB9398CD}.Release|Win32.ActiveCfg = Release|Win32
		{3AE13B68-6BD9-43FD-B3E8-F257AB9398CD}.Release|Win32.Build.0 = Release|Win32
		{3AE13B68-6BD9-43FD-B3E8-F257AB9398CD}.VSDebug|Win32.ActiveCfg = VSDebug|Win32
		{3AE13B68-6BD9-43FD-B3E8-F257AB9398CD}.VSDebug|Win32.Build.0 = VSDebug|Win32
		{DF255C6F-3278-4130-85A9-028ABFE48DA9}.Release|Win32.ActiveCfg = Release|Win32
		{DF255C6F-3278-4130-85A9-028ABFE48DA9}.Release|Win32.Build.0 = Release|Win32
		{DF255C6F-3278-4130-85A9-028ABFE48DA9}.VSDebug|Win32.ActiveCfg = VSDebug|Win32
		{DF255C6F-3278-4130-85A9-028ABFE48DA9}.VSDebug|Win32.Build.0 = VSDebug|Win32
		{0621D2B3-B785-4FA6-801D-A02468FD33FC}.Release|Win32.ActiveCfg = Release|Win32
		{0621D2B3-B785-4FA6-801D-A02468FD33FC}.Release|Win32.Build.0 = Release|Win32
		{0621D2B3-B785-4FA6-801D-A02468FD33FC}.VSDebug|Win32.ActiveCfg = VSDebug|Win32
		{0621D2B3-B785-4FA6-801D-A02468FD33FC}.VSDebug|Win32.Build.0 = VSDebug|Win32
		{EA520200-40C9-4108-AF41-F4BD94426B86}.Release|Win32.ActiveCfg = Release|Win32
		{EA520200-40C9-4108-AF41-F4BD94426B86}.Release|Win32.Build.0 = Release|Win32
		{EA520200-40C9-4108-AF41-F4BD94426B86}.VSDebug|Win32.ActiveCfg = VSDebug|Win32
		{EA520200-40C9-4108-AF41-F4BD94426B86}.VSDebug|Win32.Build.0 = VSDebug|Win32
		{C3539261-D4C5-4DDF-8755-F6E8E6DCBA5B}.Release|Win32.ActiveCfg = Release|Win32
		{C3539261-D4C5-4DDF-8755-F6E8E6DCBA5B}.Release|Win32.Build.0 = Release|Win32
		{C3539261-D4C5-4DDF-8755-F6E8E6DCBA5B}.VSDebug|Win32.ActiveCfg = VSDebug|Win32
		{C3539261-D4C5-4DDF-8755-F6E8E6DCBA5B}.VSDebug|Win32.Build.0 = VSDebug|Win32
	EndGlobalSection
	GlobalSection(SolutionProperties) = preSolution
		HideSolutionNode = FALSE
	EndGlobalSection
EndGlobal
