
Microsoft Visual Studio Solution File, Format Version 10.00
# Visual C++ Express 2008
Project("{8BC9CEB8-8B4A-11D0-8D11-00A0C91BC942}") = "fsfatinfo", "fsfatinfo\fsfatinfo.vcproj", "{7FE47E3F-5DDE-48B9-99B0-A409C30690B1}"
	ProjectSection(ProjectDependencies) = postProject
		{BD57091E-2FCE-4ED1-B786-D78631F54656} = {BD57091E-2FCE-4ED1-B786-D78631F54656}
		{2A46A054-FA46-4649-AF17-EF5EC5F7FA91} = {2A46A054-FA46-4649-AF17-EF5EC5F7FA91}
		{E245A43A-E57D-48FA-A518-A1BDD559832A} = {E245A43A-E57D-48FA-A518-A1BDD559832A}
		{6E43E2EB-33EE-4850-B54B-8E3A60D69FC6} = {6E43E2EB-33EE-4850-B54B-8E3A60D69FC6}
		{FADF99CA-06A2-4205-A53C-EDD688275A41} = {FADF99CA-06A2-4205-A53C-EDD688275A41}
		{1C6BB1E6-E7A6-41CF-BA5D-57F2FD204209} = {1C6BB1E6-E7A6-41CF-BA5D-57F2FD204209}
		{73666FE2-5620-4A18-8DDD-FB4CDF8023C5} = {73666FE2-5620-4A18-8DDD-FB4CDF8023C5}
		{979CB3C8-E853-4573-9B58-49B8386C48D0} = {979CB3C8-E853-4573-9B58-49B8386C48D0}
		{4FA17299-D845-49AB-9D1E-C9CFFA921E82} = {4FA17299-D845-49AB-9D1E-C9CFFA921E82}
		{B35FA3CD-23C0-46FF-8764-4FC6B7E73079} = {B35FA3CD-23C0-46FF-8764-4FC6B7E73079}
		{32569DB5-6B76-4CAB-887C-F4D234BB3063} = {32569DB5-6B76-4CAB-887C-F4D234BB3063}
		{89C4A184-95CA-4AC9-AF07-72A3FD4CA748} = {89C4A184-95CA-4AC9-AF07-72A3FD4CA748}
		{5828E39D-0A02-49D0-9614-121818524365} = {5828E39D-0A02-49D0-9614-121818524365}
	EndProjectSection
EndProject
Project("{8BC9CEB8-8B4A-11D0-8D11-00A0C91BC942}") = "fsfatmount", "fsfatmount\fsfatmount.vcproj", "{FAEC78E8-7940-45D3-8C0F-C0121B722CF2}"
	ProjectSection(ProjectDependencies) = postProject
		{6E43E2EB-33EE-4850-B54B-8E3A60D69FC6} = {6E43E2EB-33EE-4850-B54B-8E3A60D69FC6}
		{FADF99CA-06A2-4205-A53C-EDD688275A41} = {FADF99CA-06A2-4205-A53C-EDD688275A41}
		{1C6BB1E6-E7A6-41CF-BA5D-57F2FD204209} = {1C6BB1E6-E7A6-41CF-BA5D-57F2FD204209}
		{73666FE2-5620-4A18-8DDD-FB4CDF8023C5} = {73666FE2-5620-4A18-8DDD-FB4CDF8023C5}
		{979CB3C8-E853-4573-9B58-49B8386C48D0} = {979CB3C8-E853-4573-9B58-49B8386C48D0}
		{B35FA3CD-23C0-46FF-8764-4FC6B7E73079} = {B35FA3CD-23C0-46FF-8764-4FC6B7E73079}
		{32569DB5-6B76-4CAB-887C-F4D234BB3063} = {32569DB5-6B76-4CAB-887C-F4D234BB3063}
		{4FA17299-D845-49AB-9D1E-C9CFFA921E82} = {4FA17299-D845-49AB-9D1E-C9CFFA921E82}
		{89C4A184-95CA-4AC9-AF07-72A3FD4CA748} = {89C4A184-95CA-4AC9-AF07-72A3FD4CA748}
		{5828E39D-0A02-49D0-9614-121818524365} = {5828E39D-0A02-49D0-9614-121818524365}
	EndProjectSection
EndProject
Project("{8BC9CEB8-8B4A-11D0-8D11-00A0C91BC942}") = "libfsfat", "libfsfat\libfsfat.vcproj", "{89C4A184-95CA-4AC9-AF07-72A3FD4CA748}"
	ProjectSection(ProjectDependencies) = postProject
		{5828E39D-0A02-49D0-9614-121818524365} = {5828E39D-0A02-49D0-9614-121818524365}
		{965909B1-34D9-4484-A8BE-AAFB3392282A} = {965909B1-34D9-4484-A8BE-AAFB3392282A}
		{4FA17299-D845-49AB-9D1E-C9CFFA921E82} = {4FA17299-D845-49AB-9D1E-C9CFFA921E82}
		{32569DB5-6B76-4CAB-887C-F4D234BB3063} = {32569DB5-6B76-4CAB-887C-F4D234BB3063}
		{B35FA3CD-23C0-46FF-8764-4FC6B7E73079} = {B35FA3CD-23C0-46FF-8764-4FC6B7E73079}
		{979CB3C8-E853-4573-9B58-49B8386C48D0} = {979CB3C8-E853-4573-9B58-49B8386C48D0}
		{73666FE2-5620-4A18-8DDD-FB4CDF8023C5} = {73666FE2-5620-4A18-8DDD-FB4CDF8023C5}
		{1C6BB1E6-E7A6-41CF-BA5D-57F2FD204209} = {1C6BB1E6-E7A6-41CF-BA5D-57F2FD204209}
		{FADF99CA-06A2-4205-A53C-EDD688275A41} = {FADF99CA-06A2-4205-A53C-EDD688275A41}
		{6E43E2EB-33EE-4850-B54B-8E3A60D69FC6} = {6E43E2EB-33EE-4850-B54B-8E3A60D69FC6}
		{ED82E5EF-CFAE-4E74-83E0-04D4E4E44639} = {ED82E5EF-CFAE-4E74-83E0-04D4E4E44639}
		{AEAC801D-8401-4978-9AC5-E60C344A32F2} = {AEAC801D-8401-4978-9AC5-E60C344A32F2}
		{E245A43A-E57D-48FA-A518-A1BDD559832A} = {E245A43A-E57D-48FA-A518-A1BDD559832A}
		{2A46A054-FA46-4649-AF17-EF5EC5F7FA91} = {2A46A054-FA46-4649-AF17-EF5EC5F7FA91}
	EndProjectSection
EndProject
Project("{8BC9CEB8-8B4A-11D0-8D11-00A0C91BC942}") = "pyfsfat", "pyfsfat\pyfsfat.vcproj", "{272E449E-8E2C-4037-BFA6-C4A4C665DEE7}"
	ProjectSection(ProjectDependencies) = postProject
		{5828E39D-0A02-49D0-9614-121818524365} = {5828E39D-0A02-49D0-9614-121818524365}
		{89C4A184-95CA-4AC9-AF07-72A3FD4CA748} = {89C4A184-95CA-4AC9-AF07-72A3FD4CA748}
		{4FA17299-D845-49AB-9D1E-C9CFFA921E82} = {4FA17299-D845-49AB-9D1E-C9CFFA921E82}
		{32569DB5-6B76-4CAB-887C-F4D234BB3063} = {32569DB5-6B76-4CAB-887C-F4D234BB3063}
		{979CB3C8-E853-4573-9B58-49B8386C48D0} = {979CB3C8-E853-4573-9B58-49B8386C48D0}
		{73666FE2-5620-4A18-8DDD-FB4CDF8023C5} = {73666FE2-5620-4A18-8DDD-FB4CDF8023C5}
		{1C6BB1E6-E7A6-41CF-BA5D-57F2FD204209} = {1C6BB1E6-E7A6-41CF-BA5D-57F2FD204209}
		{FADF99CA-06A2-4205-A53C-EDD688275A41} = {FADF99CA-06A2-4205-A53C-EDD688275A41}
		{6E43E2EB-33EE-4850-B54B-8E3A60D69FC6} = {6E43E2EB-33EE-4850-B54B-8E3A60D69FC6}
	EndProjectSection
EndProject
Project("{8BC9CEB8-8B4A-11D0-8D11-00A0C91BC942}") = "fsfat_test_allocation_table", "fsfat_test_allocation_table\fsfat_test_allocation_table.vcproj", "{2FD2FEDB-03B7-4D11-B3EC-9FB4D620705B}"
	ProjectSection(ProjectDependencies) = postProject
		{89C4A184-95CA-4AC9-AF07-72A3FD4CA748} = {89C4A184-95CA-4AC9-AF07-72A3FD4CA748}
		{5828E39D-0A02-49D0-9614-121818524365} = {5828E39D-0A02-49D0-9614-121818524365}
	EndProjectSection
EndProject
Project("{8BC9CEB8-8B4A-11D0-8D11-00A0C91BC942}") = "fsfat_test_boot_record", "fsfat_test_boot_record\fsfat_test_boot_record.vcproj", "{95021BB0-3178-4C55-AC11-1443779D1886}"
	ProjectSection(ProjectDependencies) = postProject
		{6E43E2EB-33EE-4850-B54B-8E3A60D69FC6} = {6E43E2EB-33EE-4850-B54B-8E3A60D69FC6}
		{FADF99CA-06A2-4205-A53C-EDD688275A41} = {FADF99CA-06A2-4205-A53C-EDD688275A41}
		{1C6BB1E6-E7A6-41CF-BA5D-57F2FD204209} = {1C6BB1E6-E7A6-41CF-BA5D-57F2FD204209}
		{73666FE2-5620-4A18-8DDD-FB4CDF8023C5} = {73666FE2-5620-4A18-8DDD-FB4CDF8023C5}
		{979CB3C8-E853-4573-9B58-49B8386C48D0} = {979CB3C8-E853-4573-9B58-49B8386C48D0}
		{B35FA3CD-23C0-46FF-8764-4FC6B7E73079} = {B35FA3CD-23C0-46FF-8764-4FC6B7E73079}
		{32569DB5-6B76-4CAB-887C-F4D234BB3063} = {32569DB5-6B76-4CAB-887C-F4D234BB3063}
		{4FA17299-D845-49AB-9D1E-C9CFFA921E82} = {4FA17299-D845-49AB-9D1E-C9CFFA921E82}
		{89C4A184-95CA-4AC9-AF07-72A3FD4CA748} = {89C4A184-95CA-4AC9-AF07-72A3FD4CA748}
		{5828E39D-0A02-49D0-9614-121818524365} = {5828E39D-0A02-49D0-9614-121818524365}
	EndProjectSection
EndProject
Project("{8BC9CEB8-8B4A-11D0-8D11-00A0C91BC942}") = "fsfat_test_directory_entry", "fsfat_test_directory_entry\fsfat_test_directory_entry.vcproj", "{5A7B35F9-BD4B-40DB-980E-69313C2D9E68}"
	ProjectSection(ProjectDependencies) = postProject
		{6E43E2EB-33EE-4850-B54B-8E3A60D69FC6} = {6E43E2EB-33EE-4850-B54B-8E3A60D69FC6}
		{FADF99CA-06A2-4205-A53C-EDD688275A41} = {FADF99CA-06A2-4205-A53C-EDD688275A41}
		{1C6BB1E6-E7A6-41CF-BA5D-57F2FD204209} = {1C6BB1E6-E7A6-41CF-BA5D-57F2FD204209}
		{73666FE2-5620-4A18-8DDD-FB4CDF8023C5} = {73666FE2-5620-4A18-8DDD-FB4CDF8023C5}
		{979CB3C8-E853-4573-9B58-49B8386C48D0} = {979CB3C8-E853-4573-9B58-49B8386C48D0}
		{B35FA3CD-23C0-46FF-8764-4FC6B7E73079} = {B35FA3CD-23C0-46FF-8764-4FC6B7E73079}
		{32569DB5-6B76-4CAB-887C-F4D234BB3063} = {32569DB5-6B76-4CAB-887C-F4D234BB3063}
		{4FA17299-D845-49AB-9D1E-C9CFFA921E82} = {4FA17299-D845-49AB-9D1E-C9CFFA921E82}
		{89C4A184-95CA-4AC9-AF07-72A3FD4CA748} = {89C4A184-95CA-4AC9-AF07-72A3FD4CA748}
		{5828E39D-0A02-49D0-9614-121818524365} = {5828E39D-0A02-49D0-9614-121818524365}
	EndProjectSection
EndProject
Project("{8BC9CEB8-8B4A-11D0-8D11-00A0C91BC942}") = "fsfat_test_error", "fsfat_test_error\fsfat_test_error.vcproj", "{666A9C45-2D9B-47F8-9BF9-0EE5398F1DEC}"
	ProjectSection(ProjectDependencies) = postProject
		{89C4A184-95CA-4AC9-AF07-72A3FD4CA748} = {89C4A184-95CA-4AC9-AF07-72A3FD4CA748}
	EndProjectSection
EndProject
Project("{8BC9CEB8-8B4A-11D0-8D11-00A0C91BC942}") = "fsfat_test_file_entry", "fsfat_test_file_entry\fsfat_test_file_entry.vcproj", "{43312FDE-3E0B-4D52-AA0B-23D3E8EF03B1}"
	ProjectSection(ProjectDependencies) = postProject
		{89C4A184-95CA-4AC9-AF07-72A3FD4CA748} = {89C4A184-95CA-4AC9-AF07-72A3FD4CA748}
		{5828E39D-0A02-49D0-9614-121818524365} = {5828E39D-0A02-49D0-9614-121818524365}
	EndProjectSection
EndProject
Project("{8BC9CEB8-8B4A-11D0-8D11-00A0C91BC942}") = "fsfat_test_io_handle", "fsfat_test_io_handle\fsfat_test_io_handle.vcproj", "{D7DD9647-A3BB-43D8-9E25-C446AC1C4FFF}"
	ProjectSection(ProjectDependencies) = postProject
		{89C4A184-95CA-4AC9-AF07-72A3FD4CA748} = {89C4A184-95CA-4AC9-AF07-72A3FD4CA748}
		{5828E39D-0A02-49D0-9614-121818524365} = {5828E39D-0A02-49D0-9614-121818524365}
	EndProjectSection
EndProject
Project("{8BC9CEB8-8B4A-11D0-8D11-00A0C91BC942}") = "fsfat_test_notify", "fsfat_test_notify\fsfat_test_notify.vcproj", "{E6BBEDCD-AC15-43B6-B5B2-A91255AD6867}"
	ProjectSection(ProjectDependencies) = postProject
		{89C4A184-95CA-4AC9-AF07-72A3FD4CA748} = {89C4A184-95CA-4AC9-AF07-72A3FD4CA748}
		{5828E39D-0A02-49D0-9614-121818524365} = {5828E39D-0A02-49D0-9614-121818524365}
	EndProjectSection
EndProject
Project("{8BC9CEB8-8B4A-11D0-8D11-00A0C91BC942}") = "fsfat_test_support", "fsfat_test_support\fsfat_test_support.vcproj", "{7C032BA9-E946-4E6B-9BCB-1AA79F0D74FF}"
	ProjectSection(ProjectDependencies) = postProject
		{6E43E2EB-33EE-4850-B54B-8E3A60D69FC6} = {6E43E2EB-33EE-4850-B54B-8E3A60D69FC6}
		{FADF99CA-06A2-4205-A53C-EDD688275A41} = {FADF99CA-06A2-4205-A53C-EDD688275A41}
		{1C6BB1E6-E7A6-41CF-BA5D-57F2FD204209} = {1C6BB1E6-E7A6-41CF-BA5D-57F2FD204209}
		{73666FE2-5620-4A18-8DDD-FB4CDF8023C5} = {73666FE2-5620-4A18-8DDD-FB4CDF8023C5}
		{979CB3C8-E853-4573-9B58-49B8386C48D0} = {979CB3C8-E853-4573-9B58-49B8386C48D0}
		{B35FA3CD-23C0-46FF-8764-4FC6B7E73079} = {B35FA3CD-23C0-46FF-8764-4FC6B7E73079}
		{32569DB5-6B76-4CAB-887C-F4D234BB3063} = {32569DB5-6B76-4CAB-887C-F4D234BB3063}
		{4FA17299-D845-49AB-9D1E-C9CFFA921E82} = {4FA17299-D845-49AB-9D1E-C9CFFA921E82}
		{89C4A184-95CA-4AC9-AF07-72A3FD4CA748} = {89C4A184-95CA-4AC9-AF07-72A3FD4CA748}
		{5828E39D-0A02-49D0-9614-121818524365} = {5828E39D-0A02-49D0-9614-121818524365}
	EndProjectSection
EndProject
Project("{8BC9CEB8-8B4A-11D0-8D11-00A0C91BC942}") = "fsfat_test_tools_info_handle", "fsfat_test_tools_info_handle\fsfat_test_tools_info_handle.vcproj", "{FA517962-E89C-4940-A96E-0B9A745BA810}"
	ProjectSection(ProjectDependencies) = postProject
		{BD57091E-2FCE-4ED1-B786-D78631F54656} = {BD57091E-2FCE-4ED1-B786-D78631F54656}
		{2A46A054-FA46-4649-AF17-EF5EC5F7FA91} = {2A46A054-FA46-4649-AF17-EF5EC5F7FA91}
		{E245A43A-E57D-48FA-A518-A1BDD559832A} = {E245A43A-E57D-48FA-A518-A1BDD559832A}
		{6E43E2EB-33EE-4850-B54B-8E3A60D69FC6} = {6E43E2EB-33EE-4850-B54B-8E3A60D69FC6}
		{FADF99CA-06A2-4205-A53C-EDD688275A41} = {FADF99CA-06A2-4205-A53C-EDD688275A41}
		{1C6BB1E6-E7A6-41CF-BA5D-57F2FD204209} = {1C6BB1E6-E7A6-41CF-BA5D-57F2FD204209}
		{73666FE2-5620-4A18-8DDD-FB4CDF8023C5} = {73666FE2-5620-4A18-8DDD-FB4CDF8023C5}
		{979CB3C8-E853-4573-9B58-49B8386C48D0} = {979CB3C8-E853-4573-9B58-49B8386C48D0}
		{B35FA3CD-23C0-46FF-8764-4FC6B7E73079} = {B35FA3CD-23C0-46FF-8764-4FC6B7E73079}
		{32569DB5-6B76-4CAB-887C-F4D234BB3063} = {32569DB5-6B76-4CAB-887C-F4D234BB3063}
		{4FA17299-D845-49AB-9D1E-C9CFFA921E82} = {4FA17299-D845-49AB-9D1E-C9CFFA921E82}
		{89C4A184-95CA-4AC9-AF07-72A3FD4CA748} = {89C4A184-95CA-4AC9-AF07-72A3FD4CA748}
		{5828E39D-0A02-49D0-9614-121818524365} = {5828E39D-0A02-49D0-9614-121818524365}
	EndProjectSection
EndProject
Project("{8BC9CEB8-8B4A-11D0-8D11-00A0C91BC942}") = "fsfat_test_tools_output", "fsfat_test_tools_output\fsfat_test_tools_output.vcproj", "{7BFCE4CF-1DC1-40D5-8C02-B3601C850D71}"
	ProjectSection(ProjectDependencies) = postProject
		{89C4A184-95CA-4AC9-AF07-72A3FD4CA748} = {89C4A184-95CA-4AC9-AF07-72A3FD4CA748}
		{5828E39D-0A02-49D0-9614-121818524365} = {5828E39D-0A02-49D0-9614-121818524365}
	EndProjectSection
EndProject
Project("{8BC9CEB8-8B4A-11D0-8D11-00A0C91BC942}") = "fsfat_test_tools_signal", "fsfat_test_tools_signal\fsfat_test_tools_signal.vcproj", "{7BE553C8-1D97-4BF8-8C70-F60BE2312EFA}"
	ProjectSection(ProjectDependencies) = postProject
		{89C4A184-95CA-4AC9-AF07-72A3FD4CA748} = {89C4A184-95CA-4AC9-AF07-72A3FD4CA748}
		{5828E39D-0A02-49D0-9614-121818524365} = {5828E39D-0A02-49D0-9614-121818524365}
	EndProjectSection
EndProject
Project("{8BC9CEB8-8B4A-11D0-8D11-00A0C91BC942}") = "fsfat_test_volume", "fsfat_test_volume\fsfat_test_volume.vcproj", "{080C7F97-7DC3-45A8-9EEA-14B5B124B16A}"
	ProjectSection(ProjectDependencies) = postProject
		{6E43E2EB-33EE-4850-B54B-8E3A60D69FC6} = {6E43E2EB-33EE-4850-B54B-8E3A60D69FC6}
		{FADF99CA-06A2-4205-A53C-EDD688275A41} = {FADF99CA-06A2-4205-A53C-EDD688275A41}
		{1C6BB1E6-E7A6-41CF-BA5D-57F2FD204209} = {1C6BB1E6-E7A6-41CF-BA5D-57F2FD204209}
		{73666FE2-5620-4A18-8DDD-FB4CDF8023C5} = {73666FE2-5620-4A18-8DDD-FB4CDF8023C5}
		{979CB3C8-E853-4573-9B58-49B8386C48D0} = {979CB3C8-E853-4573-9B58-49B8386C48D0}
		{B35FA3CD-23C0-46FF-8764-4FC6B7E73079} = {B35FA3CD-23C0-46FF-8764-4FC6B7E73079}
		{32569DB5-6B76-4CAB-887C-F4D234BB3063} = {32569DB5-6B76-4CAB-887C-F4D234BB3063}
		{4FA17299-D845-49AB-9D1E-C9CFFA921E82} = {4FA17299-D845-49AB-9D1E-C9CFFA921E82}
		{89C4A184-95CA-4AC9-AF07-72A3FD4CA748} = {89C4A184-95CA-4AC9-AF07-72A3FD4CA748}
		{965909B1-34D9-4484-A8BE-AAFB3392282A} = {965909B1-34D9-4484-A8BE-AAFB3392282A}
		{5828E39D-0A02-49D0-9614-121818524365} = {5828E39D-0A02-49D0-9614-121818524365}
	EndProjectSection
EndProject
Project("{8BC9CEB8-8B4A-11D0-8D11-00A0C91BC942}") = "libbfio", "libbfio\libbfio.vcproj", "{6E43E2EB-33EE-4850-B54B-8E3A60D69FC6}"
	ProjectSection(ProjectDependencies) = postProject
		{5828E39D-0A02-49D0-9614-121818524365} = {5828E39D-0A02-49D0-9614-121818524365}
		{965909B1-34D9-4484-A8BE-AAFB3392282A} = {965909B1-34D9-4484-A8BE-AAFB3392282A}
		{32569DB5-6B76-4CAB-887C-F4D234BB3063} = {32569DB5-6B76-4CAB-887C-F4D234BB3063}
		{B35FA3CD-23C0-46FF-8764-4FC6B7E73079} = {B35FA3CD-23C0-46FF-8764-4FC6B7E73079}
		{4FA17299-D845-49AB-9D1E-C9CFFA921E82} = {4FA17299-D845-49AB-9D1E-C9CFFA921E82}
		{979CB3C8-E853-4573-9B58-49B8386C48D0} = {979CB3C8-E853-4573-9B58-49B8386C48D0}
		{1C6BB1E6-E7A6-41CF-BA5D-57F2FD204209} = {1C6BB1E6-E7A6-41CF-BA5D-57F2FD204209}
		{FADF99CA-06A2-4205-A53C-EDD688275A41} = {FADF99CA-06A2-4205-A53C-EDD688275A41}
		{73666FE2-5620-4A18-8DDD-FB4CDF8023C5} = {73666FE2-5620-4A18-8DDD-FB4CDF8023C5}
	EndProjectSection
EndProject
Project("{8BC9CEB8-8B4A-11D0-8D11-00A0C91BC942}") = "libcdata", "libcdata\libcdata.vcproj", "{4FA17299-D845-49AB-9D1E-C9CFFA921E82}"
	ProjectSection(ProjectDependencies) = postProject
		{5828E39D-0A02-49D0-9614-121818524365} = {5828E39D-0A02-49D0-9614-121818524365}
		{965909B1-34D9-4484-A8BE-AAFB3392282A} = {965909B1-34D9-4484-A8BE-AAFB3392282A}
	EndProjectSection
EndProject
Project("{8BC9CEB8-8B4A-11D0-8D11-00A0C91BC942}") = "libcerror", "libcerror\libcerror.vcproj", "{5828E39D-0A02-49D0-9614-121818524365}"
EndProject
Project("{8BC9CEB8-8B4A-11D0-8D11-00A0C91BC942}") = "libcfile", "libcfile\libcfile.vcproj", "{1C6BB1E6-E7A6-41CF-BA5D-57F2FD204209}"
	ProjectSection(ProjectDependencies) = postProject
		{5828E39D-0A02-49D0-9614-121818524365} = {5828E39D-0A02-49D0-9614-121818524365}
		{32569DB5-6B76-4CAB-887C-F4D234BB3063} = {32569DB5-6B76-4CAB-887C-F4D234BB3063}
		{B35FA3CD-23C0-46FF-8764-4FC6B7E73079} = {B35FA3CD-23C0-46FF-8764-4FC6B7E73079}
		{73666FE2-5620-4A18-8DDD-FB4CDF8023C5} = {73666FE2-5620-4A18-8DDD-FB4CDF8023C5}
	EndProjectSection
EndProject
Project("{8BC9CEB8-8B4A-11D0-8D11-00A0C91BC942}") = "libclocale", "libclocale\libclocale.vcproj", "{32569DB5-6B76-4CAB-887C-F4D234BB3063}"
	ProjectSection(ProjectDependencies) = postProject
		{5828E39D-0A02-49D0-9614-121818524365} = {5828E39D-0A02-49D0-9614-121818524365}
	EndProjectSection
EndProject
Project("{8BC9CEB8-8B4A-11D0-8D11-00A0C91BC942}") = "libcnotify", "libcnotify\libcnotify.vcproj", "{B35FA3CD-23C0-46FF-8764-4FC6B7E73079}"
	ProjectSection(ProjectDependencies) = postProject
		{5828E39D-0A02-49D0-9614-121818524365} = {5828E39D-0A02-49D0-9614-121818524365}
	EndProjectSection
EndProject
Project("{8BC9CEB8-8B4A-11D0-8D11-00A0C91BC942}") = "libcpath", "libcpath\libcpath.vcproj", "{FADF99CA-06A2-4205-A53C-EDD688275A41}"
	ProjectSection(ProjectDependencies) = postProject
		{5828E39D-0A02-49D0-9614-121818524365} = {5828E39D-0A02-49D0-9614-121818524365}
		{32569DB5-6B76-4CAB-887C-F4D234BB3063} = {32569DB5-6B76-4CAB-887C-F4D234BB3063}
		{979CB3C8-E853-4573-9B58-49B8386C48D0} = {979CB3C8-E853-4573-9B58-49B8386C48D0}
		{73666FE2-5620-4A18-8DDD-FB4CDF8023C5} = {73666FE2-5620-4A18-8DDD-FB4CDF8023C5}
	EndProjectSection
EndProject
Project("{8BC9CEB8-8B4A-11D0-8D11-00A0C91BC942}") = "libcsplit", "libcsplit\libcsplit.vcproj", "{979CB3C8-E853-4573-9B58-49B8386C48D0}"
	ProjectSection(ProjectDependencies) = postProject
		{5828E39D-0A02-49D0-9614-121818524365} = {5828E39D-0A02-49D0-9614-121818524365}
	EndProjectSection
EndProject
Project("{8BC9CEB8-8B4A-11D0-8D11-00A0C91BC942}") = "libcthreads", "libcthreads\libcthreads.vcproj", "{965909B1-34D9-4484-A8BE-AAFB3392282A}"
	ProjectSection(ProjectDependencies) = postProject
		{5828E39D-0A02-49D0-9614-121818524365} = {5828E39D-0A02-49D0-9614-121818524365}
	EndProjectSection
EndProject
Project("{8BC9CEB8-8B4A-11D0-8D11-00A0C91BC942}") = "libfcache", "libfcache\libfcache.vcproj", "{ED82E5EF-CFAE-4E74-83E0-04D4E4E44639}"
	ProjectSection(ProjectDependencies) = postProject
		{5828E39D-0A02-49D0-9614-121818524365} = {5828E39D-0A02-49D0-9614-121818524365}
		{965909B1-34D9-4484-A8BE-AAFB3392282A} = {965909B1-34D9-4484-A8BE-AAFB3392282A}
		{4FA17299-D845-49AB-9D1E-C9CFFA921E82} = {4FA17299-D845-49AB-9D1E-C9CFFA921E82}
	EndProjectSection
EndProject
Project("{8BC9CEB8-8B4A-11D0-8D11-00A0C91BC942}") = "libfdata", "libfdata\libfdata.vcproj", "{AEAC801D-8401-4978-9AC5-E60C344A32F2}"
	ProjectSection(ProjectDependencies) = postProject
		{5828E39D-0A02-49D0-9614-121818524365} = {5828E39D-0A02-49D0-9614-121818524365}
		{965909B1-34D9-4484-A8BE-AAFB3392282A} = {965909B1-34D9-4484-A8BE-AAFB3392282A}
		{4FA17299-D845-49AB-9D1E-C9CFFA921E82} = {4FA17299-D845-49AB-9D1E-C9CFFA921E82}
		{B35FA3CD-23C0-46FF-8764-4FC6B7E73079} = {B35FA3CD-23C0-46FF-8764-4FC6B7E73079}
		{ED82E5EF-CFAE-4E74-83E0-04D4E4E44639} = {ED82E5EF-CFAE-4E74-83E0-04D4E4E44639}
	EndProjectSection
EndProject
Project("{8BC9CEB8-8B4A-11D0-8D11-00A0C91BC942}") = "libfdatetime", "libfdatetime\libfdatetime.vcproj", "{E245A43A-E57D-48FA-A518-A1BDD559832A}"
	ProjectSection(ProjectDependencies) = postProject
		{5828E39D-0A02-49D0-9614-121818524365} = {5828E39D-0A02-49D0-9614-121818524365}
	EndProjectSection
EndProject
Project("{8BC9CEB8-8B4A-11D0-8D11-00A0C91BC942}") = "libfguid", "libfguid\libfguid.vcproj", "{2A46A054-FA46-4649-AF17-EF5EC5F7FA91}"
	ProjectSection(ProjectDependencies) = postProject
		{5828E39D-0A02-49D0-9614-121818524365} = {5828E39D-0A02-49D0-9614-121818524365}
	EndProjectSection
EndProject
Project("{8BC9CEB8-8B4A-11D0-8D11-00A0C91BC942}") = "libhmac", "libhmac\libhmac.vcproj", "{BD57091E-2FCE-4ED1-B786-D78631F54656}"
	ProjectSection(ProjectDependencies) = postProject
		{5828E39D-0A02-49D0-9614-121818524365} = {5828E39D-0A02-49D0-9614-121818524365}
	EndProjectSection
EndProject
Project("{8BC9CEB8-8B4A-11D0-8D11-00A0C91BC942}") = "libuna", "libuna\libuna.vcproj", "{73666FE2-5620-4A18-8DDD-FB4CDF8023C5}"
	ProjectSection(ProjectDependencies) = postProject
		{5828E39D-0A02-49D0-9614-121818524365} = {5828E39D-0A02-49D0-9614-121818524365}
	EndProjectSection
EndProject
Global
	GlobalSection(SolutionConfigurationPlatforms) = preSolution
		Release|Win32 = Release|Win32
		VSDebug|Win32 = VSDebug|Win32
	EndGlobalSection
	GlobalSection(ProjectConfigurationPlatforms) = postSolution
		{7FE47E3F-5DDE-48B9-99B0-A409C30690B1}.Release|Win32.ActiveCfg = Release|Win32
		{7FE47E3F-5DDE-48B9-99B0-A409C30690B1}.Release|Win32.Build.0 = Release|Win32
		{7FE47E3F-5DDE-48B9-99B0-A409C30690B1}.VSDebug|Win32.ActiveCfg = VSDebug|Win32
		{7FE47E3F-5DDE-48B9-99B0-A409C30690B1}.VSDebug|Win32.Build.0 = VSDebug|Win32
		{FAEC78E8-7940-45D3-8C0F-C0121B722CF2}.Release|Win32.ActiveCfg = Release|Win32
		{FAEC78E8-7940-45D3-8C0F-C0121B722CF2}.Release|Win32.Build.0 = Release|Win32
		{FAEC78E8-7940-45D3-8C0F-C0121B722CF2}.VSDebug|Win32.ActiveCfg = VSDebug|Win32
		{FAEC78E8-7940-45D3-8C0F-C0121B722CF2}.VSDebug|Win32.Build.0 = VSDebug|Win32
		{89C4A184-95CA-4AC9-AF07-72A3FD4CA748}.Release|Win32.ActiveCfg = Release|Win32
		{89C4A184-95CA-4AC9-AF07-72A3FD4CA748}.Release|Win32.Build.0 = Release|Win32
		{89C4A184-95CA-4AC9-AF07-72A3FD4CA748}.VSDebug|Win32.ActiveCfg = VSDebug|Win32
		{89C4A184-95CA-4AC9-AF07-72A3FD4CA748}.VSDebug|Win32.Build.0 = VSDebug|Win32
		{272E449E-8E2C-4037-BFA6-C4A4C665DEE7}.Release|Win32.ActiveCfg = Release|Win32
		{272E449E-8E2C-4037-BFA6-C4A4C665DEE7}.Release|Win32.Build.0 = Release|Win32
		{272E449E-8E2C-4037-BFA6-C4A4C665DEE7}.VSDebug|Win32.ActiveCfg = VSDebug|Win32
		{272E449E-8E2C-4037-BFA6-C4A4C665DEE7}.VSDebug|Win32.Build.0 = VSDebug|Win32
		{2FD2FEDB-03B7-4D11-B3EC-9FB4D620705B}.Release|Win32.ActiveCfg = Release|Win32
		{2FD2FEDB-03B7-4D11-B3EC-9FB4D620705B}.Release|Win32.Build.0 = Release|Win32
		{2FD2FEDB-03B7-4D11-B3EC-9FB4D620705B}.VSDebug|Win32.ActiveCfg = VSDebug|Win32
		{2FD2FEDB-03B7-4D11-B3EC-9FB4D620705B}.VSDebug|Win32.Build.0 = VSDebug|Win32
		{95021BB0-3178-4C55-AC11-1443779D1886}.Release|Win32.ActiveCfg = Release|Win32
		{95021BB0-3178-4C55-AC11-1443779D1886}.Release|Win32.Build.0 = Release|Win32
		{95021BB0-3178-4C55-AC11-1443779D1886}.VSDebug|Win32.ActiveCfg = VSDebug|Win32
		{95021BB0-3178-4C55-AC11-1443779D1886}.VSDebug|Win32.Build.0 = VSDebug|Win32
		{5A7B35F9-BD4B-40DB-980E-69313C2D9E68}.Release|Win32.ActiveCfg = Release|Win32
		{5A7B35F9-BD4B-40DB-980E-69313C2D9E68}.Release|Win32.Build.0 = Release|Win32
		{5A7B35F9-BD4B-40DB-980E-69313C2D9E68}.VSDebug|Win32.ActiveCfg = VSDebug|Win32
		{5A7B35F9-BD4B-40DB-980E-69313C2D9E68}.VSDebug|Win32.Build.0 = VSDebug|Win32
		{666A9C45-2D9B-47F8-9BF9-0EE5398F1DEC}.Release|Win32.ActiveCfg = Release|Win32
		{666A9C45-2D9B-47F8-9BF9-0EE5398F1DEC}.Release|Win32.Build.0 = Release|Win32
		{666A9C45-2D9B-47F8-9BF9-0EE5398F1DEC}.VSDebug|Win32.ActiveCfg = VSDebug|Win32
		{666A9C45-2D9B-47F8-9BF9-0EE5398F1DEC}.VSDebug|Win32.Build.0 = VSDebug|Win32
		{43312FDE-3E0B-4D52-AA0B-23D3E8EF03B1}.Release|Win32.ActiveCfg = Release|Win32
		{43312FDE-3E0B-4D52-AA0B-23D3E8EF03B1}.Release|Win32.Build.0 = Release|Win32
		{43312FDE-3E0B-4D52-AA0B-23D3E8EF03B1}.VSDebug|Win32.ActiveCfg = VSDebug|Win32
		{43312FDE-3E0B-4D52-AA0B-23D3E8EF03B1}.VSDebug|Win32.Build.0 = VSDebug|Win32
		{D7DD9647-A3BB-43D8-9E25-C446AC1C4FFF}.Release|Win32.ActiveCfg = Release|Win32
		{D7DD9647-A3BB-43D8-9E25-C446AC1C4FFF}.Release|Win32.Build.0 = Release|Win32
		{D7DD9647-A3BB-43D8-9E25-C446AC1C4FFF}.VSDebug|Win32.ActiveCfg = VSDebug|Win32
		{D7DD9647-A3BB-43D8-9E25-C446AC1C4FFF}.VSDebug|Win32.Build.0 = VSDebug|Win32
		{E6BBEDCD-AC15-43B6-B5B2-A91255AD6867}.Release|Win32.ActiveCfg = Release|Win32
		{E6BBEDCD-AC15-43B6-B5B2-A91255AD6867}.Release|Win32.Build.0 = Release|Win32
		{E6BBEDCD-AC15-43B6-B5B2-A91255AD6867}.VSDebug|Win32.ActiveCfg = VSDebug|Win32
		{E6BBEDCD-AC15-43B6-B5B2-A91255AD6867}.VSDebug|Win32.Build.0 = VSDebug|Win32
		{7C032BA9-E946-4E6B-9BCB-1AA79F0D74FF}.Release|Win32.ActiveCfg = Release|Win32
		{7C032BA9-E946-4E6B-9BCB-1AA79F0D74FF}.Release|Win32.Build.0 = Release|Win32
		{7C032BA9-E946-4E6B-9BCB-1AA79F0D74FF}.VSDebug|Win32.ActiveCfg = VSDebug|Win32
		{7C032BA9-E946-4E6B-9BCB-1AA79F0D74FF}.VSDebug|Win32.Build.0 = VSDebug|Win32
		{FA517962-E89C-4940-A96E-0B9A745BA810}.Release|Win32.ActiveCfg = Release|Win32
		{FA517962-E89C-4940-A96E-0B9A745BA810}.Release|Win32.Build.0 = Release|Win32
		{FA517962-E89C-4940-A96E-0B9A745BA810}.VSDebug|Win32.ActiveCfg = VSDebug|Win32
		{FA517962-E89C-4940-A96E-0B9A745BA810}.VSDebug|Win32.Build.0 = VSDebug|Win32
		{7BFCE4CF-1DC1-40D5-8C02-B3601C850D71}.Release|Win32.ActiveCfg = Release|Win32
		{7BFCE4CF-1DC1-40D5-8C02-B3601C850D71}.Release|Win32.Build.0 = Release|Win32
		{7BFCE4CF-1DC1-40D5-8C02-B3601C850D71}.VSDebug|Win32.ActiveCfg = VSDebug|Win32
		{7BFCE4CF-1DC1-40D5-8C02-B3601C850D71}.VSDebug|Win32.Build.0 = VSDebug|Win32
		{7BE553C8-1D97-4BF8-8C70-F60BE2312EFA}.Release|Win32.ActiveCfg = Release|Win32
		{7BE553C8-1D97-4BF8-8C70-F60BE2312EFA}.Release|Win32.Build.0 = Release|Win32
		{7BE553C8-1D97-4BF8-8C70-F60BE2312EFA}.VSDebug|Win32.ActiveCfg = VSDebug|Win32
		{7BE553C8-1D97-4BF8-8C70-F60BE2312EFA}.VSDebug|Win32.Build.0 = VSDebug|Win32
		{080C7F97-7DC3-45A8-9EEA-14B5B124B16A}.Release|Win32.ActiveCfg = Release|Win32
		{080C7F97-7DC3-45A8-9EEA-14B5B124B16A}.Release|Win32.Build.0 = Release|Win32
		{080C7F97-7DC3-45A8-9EEA-14B5B124B16A}.VSDebug|Win32.ActiveCfg = VSDebug|Win32
		{080C7F97-7DC3-45A8-9EEA-14B5B124B16A}.VSDebug|Win32.Build.0 = VSDebug|Win32
		{6E43E2EB-33EE-4850-B54B-8E3A60D69FC6}.Release|Win32.ActiveCfg = Release|Win32
		{6E43E2EB-33EE-4850-B54B-8E3A60D69FC6}.Release|Win32.Build.0 = Release|Win32
		{6E43E2EB-33EE-4850-B54B-8E3A60D69FC6}.VSDebug|Win32.ActiveCfg = VSDebug|Win32
		{6E43E2EB-33EE-4850-B54B-8E3A60D69FC6}.VSDebug|Win32.Build.0 = VSDebug|Win32
		{4FA17299-D845-49AB-9D1E-C9CFFA921E82}.Release|Win32.ActiveCfg = Release|Win32
		{4FA17299-D845-49AB-9D1E-C9CFFA921E82}.Release|Win32.Build.0 = Release|Win32
		{4FA17299-D845-49AB-9D1E-C9CFFA921E82}.VSDebug|Win32.ActiveCfg = VSDebug|Win32
		{4FA17299-D845-49AB-9D1E-C9CFFA921E82}.VSDebug|Win32.Build.0 = VSDebug|Win32
		{5828E39D-0A02-49D0-9614-121818524365}.Release|Win32.ActiveCfg = Release|Win32
		{5828E39D-0A02-49D0-9614-121818524365}.Release|Win32.Build.0 = Release|Win32
		{5828E39D-0A02-49D0-9614-121818524365}.VSDebug|Win32.ActiveCfg = VSDebug|Win32
		{5828E39D-0A02-49D0-9614-121818524365}.VSDebug|Win32.Build.0 = VSDebug|Win32
		{1C6BB1E6-E7A6-41CF-BA5D-57F2FD204209}.Release|Win32.ActiveCfg = Release|Win32
		{1C6BB1E6-E7A6-41CF-BA5D-57F2FD204209}.Release|Win32.Build.0 = Release|Win32
		{1C6BB1E6-E7A6-41CF-BA5D-57F2FD204209}.VSDebug|Win32.ActiveCfg = VSDebug|Win32
		{1C6BB1E6-E7A6-41CF-BA5D-57F2FD204209}.VSDebug|Win32.Build.0 = VSDebug|Win32
		{32569DB5-6B76-4CAB-887C-F4D234BB3063}.Release|Win32.ActiveCfg = Release|Win32
		{32569DB5-6B76-4CAB-887C-F4D234BB3063}.Release|Win32.Build.0 = Release|Win32
		{32569DB5-6B76-4CAB-887C-F4D234BB3063}.VSDebug|Win32.ActiveCfg = VSDebug|Win32
		{32569DB5-6B76-4CAB-887C-F4D234BB3063}.VSDebug|Win32.Build.0 = VSDebug|Win32
		{B35FA3CD-23C0-46FF-8764-4FC6B7E73079}.Release|Win32.ActiveCfg = Release|Win32
		{B35FA3CD-23C0-46FF-8764-4FC6B7E73079}.Release|Win32.Build.0 = Release|Win32
		{B35FA3CD-23C0-46FF-8764-4FC6B7E73079}.VSDebug|Win32.ActiveCfg = VSDebug|Win32
		{B35FA3CD-23C0-46FF-8764-4FC6B7E73079}.VSDebug|Win32.Build.0 = VSDebug|Win32
		{FADF99CA-06A2-4205-A53C-EDD688275A41}.Release|Win32.ActiveCfg = Release|Win32
		{FADF99CA-06A2-4205-A53C-EDD688275A41}.Release|Win32.Build.0 = Release|Win32
		{FADF99CA-06A2-4205-A53C-EDD688275A41}.VSDebug|Win32.ActiveCfg = VSDebug|Win32
		{FADF99CA-06A2-4205-A53C-EDD688275A41}.VSDebug|Win32.Build.0 = VSDebug|Win32
		{979CB3C8-E853-4573-9B58-49B8386C48D0}.Release|Win32.ActiveCfg = Release|Win32
		{979CB3C8-E853-4573-9B58-49B8386C48D0}.Release|Win32.Build.0 = Release|Win32
		{979CB3C8-E853-4573-9B58-49B8386C48D0}.VSDebug|Win32.ActiveCfg = VSDebug|Win32
		{979CB3C8-E853-4573-9B58-49B8386C48D0}.VSDebug|Win32.Build.0 = VSDebug|Win32
		{965909B1-34D9-4484-A8BE-AAFB3392282A}.Release|Win32.ActiveCfg = Release|Win32
		{965909B1-34D9-4484-A8BE-AAFB3392282A}.Release|Win32.Build.0 = Release|Win32
		{965909B1-34D9-4484-A8BE-AAFB3392282A}.VSDebug|Win32.ActiveCfg = VSDebug|Win32
		{965909B1-34D9-4484-A8BE-AAFB3392282A}.VSDebug|Win32.Build.0 = VSDebug|Win32
		{ED82E5EF-CFAE-4E74-83E0-04D4E4E44639}.Release|Win32.ActiveCfg = Release|Win32
		{ED82E5EF-CFAE-4E74-83E0-04D4E4E44639}.Release|Win32.Build.0 = Release|Win32
		{ED82E5EF-CFAE-4E74-83E0-04D4E4E44639}.VSDebug|Win32.ActiveCfg = VSDebug|Win32
		{ED82E5EF-CFAE-4E74-83E0-04D4E4E44639}.VSDebug|Win32.Build.0 = VSDebug|Win32
		{AEAC801D-8401-4978-9AC5-E60C344A32F2}.Release|Win32.ActiveCfg = Release|Win32
		{AEAC801D-8401-4978-9AC5-E60C344A32F2}.Release|Win32.Build.0 = Release|Win32
		{AEAC801D-8401-4978-9AC5-E60C344A32F2}.VSDebug|Win32.ActiveCfg = VSDebug|Win32
		{AEAC801D-8401-4978-9AC5-E60C344A32F2}.VSDebug|Win32.Build.0 = VSDebug|Win32
		{E245A43A-E57D-48FA-A518-A1BDD559832A}.Release|Win32.ActiveCfg = Release|Win32
		{E245A43A-E57D-48FA-A518-A1BDD559832A}.Release|Win32.Build.0 = Release|Win32
		{E245A43A-E57D-48FA-A518-A1BDD559832A}.VSDebug|Win32.ActiveCfg = VSDebug|Win32
		{E245A43A-E57D-48FA-A518-A1BDD559832A}.VSDebug|Win32.Build.0 = VSDebug|Win32
		{2A46A054-FA46-4649-AF17-EF5EC5F7FA91}.Release|Win32.ActiveCfg = Release|Win32
		{2A46A054-FA46-4649-AF17-EF5EC5F7FA91}.Release|Win32.Build.0 = Release|Win32
		{2A46A054-FA46-4649-AF17-EF5EC5F7FA91}.VSDebug|Win32.ActiveCfg = VSDebug|Win32
		{2A46A054-FA46-4649-AF17-EF5EC5F7FA91}.VSDebug|Win32.Build.0 = VSDebug|Win32
		{BD57091E-2FCE-4ED1-B786-D78631F54656}.Release|Win32.ActiveCfg = Release|Win32
		{BD57091E-2FCE-4ED1-B786-D78631F54656}.Release|Win32.Build.0 = Release|Win32
		{BD57091E-2FCE-4ED1-B786-D78631F54656}.VSDebug|Win32.ActiveCfg = VSDebug|Win32
		{BD57091E-2FCE-4ED1-B786-D78631F54656}.VSDebug|Win32.Build.0 = VSDebug|Win32
		{73666FE2-5620-4A18-8DDD-FB4CDF8023C5}.Release|Win32.ActiveCfg = Release|Win32
		{73666FE2-5620-4A18-8DDD-FB4CDF8023C5}.Release|Win32.Build.0 = Release|Win32
		{73666FE2-5620-4A18-8DDD-FB4CDF8023C5}.VSDebug|Win32.ActiveCfg = VSDebug|Win32
		{73666FE2-5620-4A18-8DDD-FB4CDF8023C5}.VSDebug|Win32.Build.0 = VSDebug|Win32
	EndGlobalSection
	GlobalSection(SolutionProperties) = preSolution
		HideSolutionNode = FALSE
	EndGlobalSection
EndGlobal
