
Microsoft Visual Studio Solution File, Format Version 10.00
# Visual C++ Express 2008
Project("{8BC9CEB8-8B4A-11D0-8D11-00A0C91BC942}") = "libfcache", "libfcache\libfcache.vcproj", "{7CB34D8E-5432-47DB-B756-EA7B562FBB4E}"
	ProjectSection(ProjectDependencies) = postProject
		{FF9B9505-42C9-4999-AB7E-4D80F4B6FD9E} = {FF9B9505-42C9-4999-AB7E-4D80F4B6FD9E}
		{96E1D43C-248B-45A4-A1ED-196E1C2F89CB} = {96E1D43C-248B-45A4-A1ED-196E1C2F89CB}
		{95F5AEF0-07FA-4490-877A-C0EF5E3308D1} = {95F5AEF0-07FA-4490-877A-C0EF5E3308D1}
	EndProjectSection
EndProject
Project("{8BC9CEB8-8B4A-11D0-8D11-00A0C91BC942}") = "libfguid", "libfguid\libfguid.vcproj", "{A3D5097B-78C5-4823-8183-7B3E18DEF1AA}"
	ProjectSection(ProjectDependencies) = postProject
		{FF9B9505-42C9-4999-AB7E-4D80F4B6FD9E} = {FF9B9505-42C9-4999-AB7E-4D80F4B6FD9E}
	EndProjectSection
EndProject
Project("{8BC9CEB8-8B4A-11D0-8D11-00A0C91BC942}") = "fsfat_test_allocation_table", "fsfat_test_allocation_table\fsfat_test_allocation_table.vcproj", "{0D21B569-A558-40A4-9C0C-565AAB508DD9}"
	ProjectSection(ProjectDependencies) = postProject
		{DBCA2B20-F9FC-4FC5-AD1F-F5C9E38D4C5C} = {DBCA2B20-F9FC-4FC5-AD1F-F5C9E38D4C5C}
		{FF9B9505-42C9-4999-AB7E-4D80F4B6FD9E} = {FF9B9505-42C9-4999-AB7E-4D80F4B6FD9E}
	EndProjectSection
EndProject
Project("{8BC9CEB8-8B4A-11D0-8D11-00A0C91BC942}") = "fsfat_test_block_descriptor", "fsfat_test_block_descriptor\fsfat_test_block_descriptor.vcproj", "{E16D6B74-D54E-462C-BBDF-F91F06542B69}"
	ProjectSection(ProjectDependencies) = postProject
		{DBCA2B20-F9FC-4FC5-AD1F-F5C9E38D4C5C} = {DBCA2B20-F9FC-4FC5-AD1F-F5C9E38D4C5C}
		{FF9B9505-42C9-4999-AB7E-4D80F4B6FD9E} = {FF9B9505-42C9-4999-AB7E-4D80F4B6FD9E}
	EndProjectSection
EndProject
Project("{8BC9CEB8-8B4A-11D0-8D11-00A0C91BC942}") = "fsfat_test_block_tree", "fsfat_test_block_tree\fsfat_test_block_tree.vcproj", "{9E0C5754-EADF-4482-8F63-6C4CA1C4602E}"
	ProjectSection(ProjectDependencies) = postProject
		{DBCA2B20-F9FC-4FC5-AD1F-F5C9E38D4C5C} = {DBCA2B20-F9FC-4FC5-AD1F-F5C9E38D4C5C}
		{FF9B9505-42C9-4999-AB7E-4D80F4B6FD9E} = {FF9B9505-42C9-4999-AB7E-4D80F4B6FD9E}
	EndProjectSection
EndProject
Project("{8BC9CEB8-8B4A-11D0-8D11-00A0C91BC942}") = "fsfat_test_block_tree_node", "fsfat_test_block_tree_node\fsfat_test_block_tree_node.vcproj", "{2225873B-A7AC-41AE-BE5D-985EEEA6A30F}"
	ProjectSection(ProjectDependencies) = postProject
		{DBCA2B20-F9FC-4FC5-AD1F-F5C9E38D4C5C} = {DBCA2B20-F9FC-4FC5-AD1F-F5C9E38D4C5C}
		{FF9B9505-42C9-4999-AB7E-4D80F4B6FD9E} = {FF9B9505-42C9-4999-AB7E-4D80F4B6FD9E}
	EndProjectSection
EndProject
Project("{8BC9CEB8-8B4A-11D0-8D11-00A0C91BC942}") = "fsfat_test_boot_record", "fsfat_test_boot_record\fsfat_test_boot_record.vcproj", "{B6D6289D-E1A3-4ACD-8462-8A2D8FB8AA32}"
	ProjectSection(ProjectDependencies) = postProject
		{5C561721-A66D-49A7-8354-608E5C89D8B1} = {5C561721-A66D-49A7-8354-608E5C89D8B1}
		{ADD54772-6FD9-435B-9A70-48C3BD319270} = {ADD54772-6FD9-435B-9A70-48C3BD319270}
		{A89DFB45-4C47-47B7-8C3D-9EED873B308B} = {A89DFB45-4C47-47B7-8C3D-9EED873B308B}
		{353314D3-1DA9-4E86-BDCB-E96C5FD2F0E7} = {353314D3-1DA9-4E86-BDCB-E96C5FD2F0E7}
		{B14DC2BF-E20A-4E77-81F0-7A16BA2E0095} = {B14DC2BF-E20A-4E77-81F0-7A16BA2E0095}
		{12B25C89-E298-4C49-B2AF-CD79F22FB5D8} = {12B25C89-E298-4C49-B2AF-CD79F22FB5D8}
		{61D70317-8A30-4D91-9A37-61B6AB1EF5EC} = {61D70317-8A30-4D91-9A37-61B6AB1EF5EC}
		{95F5AEF0-07FA-4490-877A-C0EF5E3308D1} = {95F5AEF0-07FA-4490-877A-C0EF5E3308D1}
		{DBCA2B20-F9FC-4FC5-AD1F-F5C9E38D4C5C} = {DBCA2B20-F9FC-4FC5-AD1F-F5C9E38D4C5C}
		{FF9B9505-42C9-4999-AB7E-4D80F4B6FD9E} = {FF9B9505-42C9-4999-AB7E-4D80F4B6FD9E}
	EndProjectSection
EndProject
Project("{8BC9CEB8-8B4A-11D0-8D11-00A0C91BC942}") = "fsfat_test_directory", "fsfat_test_directory\fsfat_test_directory.vcproj", "{E24F1A2D-0A93-442A-9243-A8C0371D5DA8}"
	ProjectSection(ProjectDependencies) = postProject
		{DBCA2B20-F9FC-4FC5-AD1F-F5C9E38D4C5C} = {DBCA2B20-F9FC-4FC5-AD1F-F5C9E38D4C5C}
		{FF9B9505-42C9-4999-AB7E-4D80F4B6FD9E} = {FF9B9505-42C9-4999-AB7E-4D80F4B6FD9E}
	EndProjectSection
EndProject
Project("{8BC9CEB8-8B4A-11D0-8D11-00A0C91BC942}") = "fsfat_test_directory_entry", "fsfat_test_directory_entry\fsfat_test_directory_entry.vcproj", "{BA130E31-0262-47A9-A617-ED6798AE59AF}"
	ProjectSection(ProjectDependencies) = postProject
		{5C561721-A66D-49A7-8354-608E5C89D8B1} = {5C561721-A66D-49A7-8354-608E5C89D8B1}
		{ADD54772-6FD9-435B-9A70-48C3BD319270} = {ADD54772-6FD9-435B-9A70-48C3BD319270}
		{A89DFB45-4C47-47B7-8C3D-9EED873B308B} = {A89DFB45-4C47-47B7-8C3D-9EED873B308B}
		{353314D3-1DA9-4E86-BDCB-E96C5FD2F0E7} = {353314D3-1DA9-4E86-BDCB-E96C5FD2F0E7}
		{B14DC2BF-E20A-4E77-81F0-7A16BA2E0095} = {B14DC2BF-E20A-4E77-81F0-7A16BA2E0095}
		{12B25C89-E298-4C49-B2AF-CD79F22FB5D8} = {12B25C89-E298-4C49-B2AF-CD79F22FB5D8}
		{61D70317-8A30-4D91-9A37-61B6AB1EF5EC} = {61D70317-8A30-4D91-9A37-61B6AB1EF5EC}
		{95F5AEF0-07FA-4490-877A-C0EF5E3308D1} = {95F5AEF0-07FA-4490-877A-C0EF5E3308D1}
		{DBCA2B20-F9FC-4FC5-AD1F-F5C9E38D4C5C} = {DBCA2B20-F9FC-4FC5-AD1F-F5C9E38D4C5C}
		{FF9B9505-42C9-4999-AB7E-4D80F4B6FD9E} = {FF9B9505-42C9-4999-AB7E-4D80F4B6FD9E}
	EndProjectSection
EndProject
Project("{8BC9CEB8-8B4A-11D0-8D11-00A0C91BC942}") = "fsfat_test_error", "fsfat_test_error\fsfat_test_error.vcproj", "{8835CA79-0E3F-4967-AEAD-A661E0736682}"
	ProjectSection(ProjectDependencies) = postProject
		{DBCA2B20-F9FC-4FC5-AD1F-F5C9E38D4C5C} = {DBCA2B20-F9FC-4FC5-AD1F-F5C9E38D4C5C}
	EndProjectSection
EndProject
Project("{8BC9CEB8-8B4A-11D0-8D11-00A0C91BC942}") = "fsfat_test_extent", "fsfat_test_extent\fsfat_test_extent.vcproj", "{B6A46CC0-1BA1-4414-9D46-02FAE71284CA}"
	ProjectSection(ProjectDependencies) = postProject
		{DBCA2B20-F9FC-4FC5-AD1F-F5C9E38D4C5C} = {DBCA2B20-F9FC-4FC5-AD1F-F5C9E38D4C5C}
		{FF9B9505-42C9-4999-AB7E-4D80F4B6FD9E} = {FF9B9505-42C9-4999-AB7E-4D80F4B6FD9E}
	EndProjectSection
EndProject
Project("{8BC9CEB8-8B4A-11D0-8D11-00A0C91BC942}") = "fsfat_test_file_entry", "fsfat_test_file_entry\fsfat_test_file_entry.vcproj", "{C89D66A6-CF59-459A-9770-127B90C36EDF}"
	ProjectSection(ProjectDependencies) = postProject
		{DBCA2B20-F9FC-4FC5-AD1F-F5C9E38D4C5C} = {DBCA2B20-F9FC-4FC5-AD1F-F5C9E38D4C5C}
		{FF9B9505-42C9-4999-AB7E-4D80F4B6FD9E} = {FF9B9505-42C9-4999-AB7E-4D80F4B6FD9E}
	EndProjectSection
EndProject
Project("{8BC9CEB8-8B4A-11D0-8D11-00A0C91BC942}") = "fsfat_test_io_handle", "fsfat_test_io_handle\fsfat_test_io_handle.vcproj", "{F6E55183-BC42-40D5-858C-CD4E4A28E445}"
	ProjectSection(ProjectDependencies) = postProject
		{DBCA2B20-F9FC-4FC5-AD1F-F5C9E38D4C5C} = {DBCA2B20-F9FC-4FC5-AD1F-F5C9E38D4C5C}
		{FF9B9505-42C9-4999-AB7E-4D80F4B6FD9E} = {FF9B9505-42C9-4999-AB7E-4D80F4B6FD9E}
	EndProjectSection
EndProject
Project("{8BC9CEB8-8B4A-11D0-8D11-00A0C91BC942}") = "fsfat_test_name", "fsfat_test_name\fsfat_test_name.vcproj", "{15DB19D6-FBE2-459A-8901-1AB71E5974C8}"
	ProjectSection(ProjectDependencies) = postProject
		{DBCA2B20-F9FC-4FC5-AD1F-F5C9E38D4C5C} = {DBCA2B20-F9FC-4FC5-AD1F-F5C9E38D4C5C}
		{FF9B9505-42C9-4999-AB7E-4D80F4B6FD9E} = {FF9B9505-42C9-4999-AB7E-4D80F4B6FD9E}
	EndProjectSection
EndProject
Project("{8BC9CEB8-8B4A-11D0-8D11-00A0C91BC942}") = "fsfat_test_notify", "fsfat_test_notify\fsfat_test_notify.vcproj", "{EFDDA95B-6A03-4137-81F0-33859DA4727E}"
	ProjectSection(ProjectDependencies) = postProject
		{DBCA2B20-F9FC-4FC5-AD1F-F5C9E38D4C5C} = {DBCA2B20-F9FC-4FC5-AD1F-F5C9E38D4C5C}
		{FF9B9505-42C9-4999-AB7E-4D80F4B6FD9E} = {FF9B9505-42C9-4999-AB7E-4D80F4B6FD9E}
	EndProjectSection
EndProject
Project("{8BC9CEB8-8B4A-11D0-8D11-00A0C91BC942}") = "fsfat_test_support", "fsfat_test_support\fsfat_test_support.vcproj", "{43808E5A-8841-4948-921C-E75FF8BC3E83}"
	ProjectSection(ProjectDependencies) = postProject
		{5C561721-A66D-49A7-8354-608E5C89D8B1} = {5C561721-A66D-49A7-8354-608E5C89D8B1}
		{ADD54772-6FD9-435B-9A70-48C3BD319270} = {ADD54772-6FD9-435B-9A70-48C3BD319270}
		{A89DFB45-4C47-47B7-8C3D-9EED873B308B} = {A89DFB45-4C47-47B7-8C3D-9EED873B308B}
		{353314D3-1DA9-4E86-BDCB-E96C5FD2F0E7} = {353314D3-1DA9-4E86-BDCB-E96C5FD2F0E7}
		{B14DC2BF-E20A-4E77-81F0-7A16BA2E0095} = {B14DC2BF-E20A-4E77-81F0-7A16BA2E0095}
		{12B25C89-E298-4C49-B2AF-CD79F22FB5D8} = {12B25C89-E298-4C49-B2AF-CD79F22FB5D8}
		{61D70317-8A30-4D91-9A37-61B6AB1EF5EC} = {61D70317-8A30-4D91-9A37-61B6AB1EF5EC}
		{95F5AEF0-07FA-4490-877A-C0EF5E3308D1} = {95F5AEF0-07FA-4490-877A-C0EF5E3308D1}
		{DBCA2B20-F9FC-4FC5-AD1F-F5C9E38D4C5C} = {DBCA2B20-F9FC-4FC5-AD1F-F5C9E38D4C5C}
		{FF9B9505-42C9-4999-AB7E-4D80F4B6FD9E} = {FF9B9505-42C9-4999-AB7E-4D80F4B6FD9E}
	EndProjectSection
EndProject
Project("{8BC9CEB8-8B4A-11D0-8D11-00A0C91BC942}") = "fsfat_test_tools_info_handle", "fsfat_test_tools_info_handle\fsfat_test_tools_info_handle.vcproj", "{F76B0C69-11B7-416F-A3B2-FCE85027EB1A}"
	ProjectSection(ProjectDependencies) = postProject
		{AC511E9D-B00B-44E5-8908-291DE0243172} = {AC511E9D-B00B-44E5-8908-291DE0243172}
		{A3D5097B-78C5-4823-8183-7B3E18DEF1AA} = {A3D5097B-78C5-4823-8183-7B3E18DEF1AA}
		{D6DBB30D-47BD-4448-A5AA-ED3F341EC8F9} = {D6DBB30D-47BD-4448-A5AA-ED3F341EC8F9}
		{5C561721-A66D-49A7-8354-608E5C89D8B1} = {5C561721-A66D-49A7-8354-608E5C89D8B1}
		{ADD54772-6FD9-435B-9A70-48C3BD319270} = {ADD54772-6FD9-435B-9A70-48C3BD319270}
		{A89DFB45-4C47-47B7-8C3D-9EED873B308B} = {A89DFB45-4C47-47B7-8C3D-9EED873B308B}
		{353314D3-1DA9-4E86-BDCB-E96C5FD2F0E7} = {353314D3-1DA9-4E86-BDCB-E96C5FD2F0E7}
		{B14DC2BF-E20A-4E77-81F0-7A16BA2E0095} = {B14DC2BF-E20A-4E77-81F0-7A16BA2E0095}
		{12B25C89-E298-4C49-B2AF-CD79F22FB5D8} = {12B25C89-E298-4C49-B2AF-CD79F22FB5D8}
		{61D70317-8A30-4D91-9A37-61B6AB1EF5EC} = {61D70317-8A30-4D91-9A37-61B6AB1EF5EC}
		{95F5AEF0-07FA-4490-877A-C0EF5E3308D1} = {95F5AEF0-07FA-4490-877A-C0EF5E3308D1}
		{DBCA2B20-F9FC-4FC5-AD1F-F5C9E38D4C5C} = {DBCA2B20-F9FC-4FC5-AD1F-F5C9E38D4C5C}
		{FF9B9505-42C9-4999-AB7E-4D80F4B6FD9E} = {FF9B9505-42C9-4999-AB7E-4D80F4B6FD9E}
	EndProjectSection
EndProject
Project("{8BC9CEB8-8B4A-11D0-8D11-00A0C91BC942}") = "fsfat_test_tools_output", "fsfat_test_tools_output\fsfat_test_tools_output.vcproj", "{81C7E33D-6C51-46C8-A741-FC7A9DE3CB77}"
	ProjectSection(ProjectDependencies) = postProject
		{DBCA2B20-F9FC-4FC5-AD1F-F5C9E38D4C5C} = {DBCA2B20-F9FC-4FC5-AD1F-F5C9E38D4C5C}
		{FF9B9505-42C9-4999-AB7E-4D80F4B6FD9E} = {FF9B9505-42C9-4999-AB7E-4D80F4B6FD9E}
	EndProjectSection
EndProject
Project("{8BC9CEB8-8B4A-11D0-8D11-00A0C91BC942}") = "fsfat_test_tools_signal", "fsfat_test_tools_signal\fsfat_test_tools_signal.vcproj", "{B22409DC-F749-429A-B211-E11E7D0BE091}"
	ProjectSection(ProjectDependencies) = postProject
		{DBCA2B20-F9FC-4FC5-AD1F-F5C9E38D4C5C} = {DBCA2B20-F9FC-4FC5-AD1F-F5C9E38D4C5C}
		{FF9B9505-42C9-4999-AB7E-4D80F4B6FD9E} = {FF9B9505-42C9-4999-AB7E-4D80F4B6FD9E}
	EndProjectSection
EndProject
Project("{8BC9CEB8-8B4A-11D0-8D11-00A0C91BC942}") = "fsfat_test_volume", "fsfat_test_volume\fsfat_test_volume.vcproj", "{8830230B-480C-41F5-B45B-E3AC0DB8BAC9}"
	ProjectSection(ProjectDependencies) = postProject
		{5C561721-A66D-49A7-8354-608E5C89D8B1} = {5C561721-A66D-49A7-8354-608E5C89D8B1}
		{ADD54772-6FD9-435B-9A70-48C3BD319270} = {ADD54772-6FD9-435B-9A70-48C3BD319270}
		{A89DFB45-4C47-47B7-8C3D-9EED873B308B} = {A89DFB45-4C47-47B7-8C3D-9EED873B308B}
		{353314D3-1DA9-4E86-BDCB-E96C5FD2F0E7} = {353314D3-1DA9-4E86-BDCB-E96C5FD2F0E7}
		{B14DC2BF-E20A-4E77-81F0-7A16BA2E0095} = {B14DC2BF-E20A-4E77-81F0-7A16BA2E0095}
		{12B25C89-E298-4C49-B2AF-CD79F22FB5D8} = {12B25C89-E298-4C49-B2AF-CD79F22FB5D8}
		{61D70317-8A30-4D91-9A37-61B6AB1EF5EC} = {61D70317-8A30-4D91-9A37-61B6AB1EF5EC}
		{95F5AEF0-07FA-4490-877A-C0EF5E3308D1} = {95F5AEF0-07FA-4490-877A-C0EF5E3308D1}
		{DBCA2B20-F9FC-4FC5-AD1F-F5C9E38D4C5C} = {DBCA2B20-F9FC-4FC5-AD1F-F5C9E38D4C5C}
		{96E1D43C-248B-45A4-A1ED-196E1C2F89CB} = {96E1D43C-248B-45A4-A1ED-196E1C2F89CB}
		{FF9B9505-42C9-4999-AB7E-4D80F4B6FD9E} = {FF9B9505-42C9-4999-AB7E-4D80F4B6FD9E}
	EndProjectSection
EndProject
Project("{8BC9CEB8-8B4A-11D0-8D11-00A0C91BC942}") = "libclocale", "libclocale\libclocale.vcproj", "{61D70317-8A30-4D91-9A37-61B6AB1EF5EC}"
	ProjectSection(ProjectDependencies) = postProject
		{FF9B9505-42C9-4999-AB7E-4D80F4B6FD9E} = {FF9B9505-42C9-4999-AB7E-4D80F4B6FD9E}
	EndProjectSection
EndProject
Project("{8BC9CEB8-8B4A-11D0-8D11-00A0C91BC942}") = "libbfio", "libbfio\libbfio.vcproj", "{5C561721-A66D-49A7-8354-608E5C89D8B1}"
	ProjectSection(ProjectDependencies) = postProject
		{FF9B9505-42C9-4999-AB7E-4D80F4B6FD9E} = {FF9B9505-42C9-4999-AB7E-4D80F4B6FD9E}
		{96E1D43C-248B-45A4-A1ED-196E1C2F89CB} = {96E1D43C-248B-45A4-A1ED-196E1C2F89CB}
		{61D70317-8A30-4D91-9A37-61B6AB1EF5EC} = {61D70317-8A30-4D91-9A37-61B6AB1EF5EC}
		{12B25C89-E298-4C49-B2AF-CD79F22FB5D8} = {12B25C89-E298-4C49-B2AF-CD79F22FB5D8}
		{95F5AEF0-07FA-4490-877A-C0EF5E3308D1} = {95F5AEF0-07FA-4490-877A-C0EF5E3308D1}
		{B14DC2BF-E20A-4E77-81F0-7A16BA2E0095} = {B14DC2BF-E20A-4E77-81F0-7A16BA2E0095}
		{A89DFB45-4C47-47B7-8C3D-9EED873B308B} = {A89DFB45-4C47-47B7-8C3D-9EED873B308B}
		{ADD54772-6FD9-435B-9A70-48C3BD319270} = {ADD54772-6FD9-435B-9A70-48C3BD319270}
		{353314D3-1DA9-4E86-BDCB-E96C5FD2F0E7} = {353314D3-1DA9-4E86-BDCB-E96C5FD2F0E7}
	EndProjectSection
EndProject
Project("{8BC9CEB8-8B4A-11D0-8D11-00A0C91BC942}") = "libfdatetime", "libfdatetime\libfdatetime.vcproj", "{D6DBB30D-47BD-4448-A5AA-ED3F341EC8F9}"
	ProjectSection(ProjectDependencies) = postProject
		{FF9B9505-42C9-4999-AB7E-4D80F4B6FD9E} = {FF9B9505-42C9-4999-AB7E-4D80F4B6FD9E}
	EndProjectSection
EndProject
Project("{8BC9CEB8-8B4A-11D0-8D11-00A0C91BC942}") = "libcfile", "libcfile\libcfile.vcproj", "{A89DFB45-4C47-47B7-8C3D-9EED873B308B}"
	ProjectSection(ProjectDependencies) = postProject
		{FF9B9505-42C9-4999-AB7E-4D80F4B6FD9E} = {FF9B9505-42C9-4999-AB7E-4D80F4B6FD9E}
		{61D70317-8A30-4D91-9A37-61B6AB1EF5EC} = {61D70317-8A30-4D91-9A37-61B6AB1EF5EC}
		{12B25C89-E298-4C49-B2AF-CD79F22FB5D8} = {12B25C89-E298-4C49-B2AF-CD79F22FB5D8}
		{353314D3-1DA9-4E86-BDCB-E96C5FD2F0E7} = {353314D3-1DA9-4E86-BDCB-E96C5FD2F0E7}
	EndProjectSection
EndProject
Project("{8BC9CEB8-8B4A-11D0-8D11-00A0C91BC942}") = "libcthreads", "libcthreads\libcthreads.vcproj", "{96E1D43C-248B-45A4-A1ED-196E1C2F89CB}"
	ProjectSection(ProjectDependencies) = postProject
		{FF9B9505-42C9-4999-AB7E-4D80F4B6FD9E} = {FF9B9505-42C9-4999-AB7E-4D80F4B6FD9E}
	EndProjectSection
EndProject
Project("{8BC9CEB8-8B4A-11D0-8D11-00A0C91BC942}") = "libcpath", "libcpath\libcpath.vcproj", "{ADD54772-6FD9-435B-9A70-48C3BD319270}"
	ProjectSection(ProjectDependencies) = postProject
		{FF9B9505-42C9-4999-AB7E-4D80F4B6FD9E} = {FF9B9505-42C9-4999-AB7E-4D80F4B6FD9E}
		{61D70317-8A30-4D91-9A37-61B6AB1EF5EC} = {61D70317-8A30-4D91-9A37-61B6AB1EF5EC}
		{B14DC2BF-E20A-4E77-81F0-7A16BA2E0095} = {B14DC2BF-E20A-4E77-81F0-7A16BA2E0095}
		{353314D3-1DA9-4E86-BDCB-E96C5FD2F0E7} = {353314D3-1DA9-4E86-BDCB-E96C5FD2F0E7}
	EndProjectSection
EndProject
Project("{8BC9CEB8-8B4A-11D0-8D11-00A0C91BC942}") = "libhmac", "libhmac\libhmac.vcproj", "{AC511E9D-B00B-44E5-8908-291DE0243172}"
	ProjectSection(ProjectDependencies) = postProject
		{FF9B9505-42C9-4999-AB7E-4D80F4B6FD9E} = {FF9B9505-42C9-4999-AB7E-4D80F4B6FD9E}
	EndProjectSection
EndProject
Project("{8BC9CEB8-8B4A-11D0-8D11-00A0C91BC942}") = "libuna", "libuna\libuna.vcproj", "{353314D3-1DA9-4E86-BDCB-E96C5FD2F0E7}"
	ProjectSection(ProjectDependencies) = postProject
		{FF9B9505-42C9-4999-AB7E-4D80F4B6FD9E} = {FF9B9505-42C9-4999-AB7E-4D80F4B6FD9E}
	EndProjectSection
EndProject
Project("{8BC9CEB8-8B4A-11D0-8D11-00A0C91BC942}") = "libcerror", "libcerror\libcerror.vcproj", "{FF9B9505-42C9-4999-AB7E-4D80F4B6FD9E}"
EndProject
Project("{8BC9CEB8-8B4A-11D0-8D11-00A0C91BC942}") = "libcnotify", "libcnotify\libcnotify.vcproj", "{12B25C89-E298-4C49-B2AF-CD79F22FB5D8}"
	ProjectSection(ProjectDependencies) = postProject
		{FF9B9505-42C9-4999-AB7E-4D80F4B6FD9E} = {FF9B9505-42C9-4999-AB7E-4D80F4B6FD9E}
	EndProjectSection
EndProject
Project("{8BC9CEB8-8B4A-11D0-8D11-00A0C91BC942}") = "pyfsfat", "pyfsfat\pyfsfat.vcproj", "{4CB7F928-1A2F-46CD-B339-523E3A6ADF45}"
	ProjectSection(ProjectDependencies) = postProject
		{FF9B9505-42C9-4999-AB7E-4D80F4B6FD9E} = {FF9B9505-42C9-4999-AB7E-4D80F4B6FD9E}
		{DBCA2B20-F9FC-4FC5-AD1F-F5C9E38D4C5C} = {DBCA2B20-F9FC-4FC5-AD1F-F5C9E38D4C5C}
		{95F5AEF0-07FA-4490-877A-C0EF5E3308D1} = {95F5AEF0-07FA-4490-877A-C0EF5E3308D1}
		{61D70317-8A30-4D91-9A37-61B6AB1EF5EC} = {61D70317-8A30-4D91-9A37-61B6AB1EF5EC}
		{B14DC2BF-E20A-4E77-81F0-7A16BA2E0095} = {B14DC2BF-E20A-4E77-81F0-7A16BA2E0095}
		{353314D3-1DA9-4E86-BDCB-E96C5FD2F0E7} = {353314D3-1DA9-4E86-BDCB-E96C5FD2F0E7}
		{A89DFB45-4C47-47B7-8C3D-9EED873B308B} = {A89DFB45-4C47-47B7-8C3D-9EED873B308B}
		{ADD54772-6FD9-435B-9A70-48C3BD319270} = {ADD54772-6FD9-435B-9A70-48C3BD319270}
		{5C561721-A66D-49A7-8354-608E5C89D8B1} = {5C561721-A66D-49A7-8354-608E5C89D8B1}
	EndProjectSection
EndProject
Project("{8BC9CEB8-8B4A-11D0-8D11-00A0C91BC942}") = "libfdata", "libfdata\libfdata.vcproj", "{0996D11C-317A-4D60-A09F-B11DBECEDF55}"
	ProjectSection(ProjectDependencies) = postProject
		{FF9B9505-42C9-4999-AB7E-4D80F4B6FD9E} = {FF9B9505-42C9-4999-AB7E-4D80F4B6FD9E}
		{96E1D43C-248B-45A4-A1ED-196E1C2F89CB} = {96E1D43C-248B-45A4-A1ED-196E1C2F89CB}
		{95F5AEF0-07FA-4490-877A-C0EF5E3308D1} = {95F5AEF0-07FA-4490-877A-C0EF5E3308D1}
		{12B25C89-E298-4C49-B2AF-CD79F22FB5D8} = {12B25C89-E298-4C49-B2AF-CD79F22FB5D8}
		{7CB34D8E-5432-47DB-B756-EA7B562FBB4E} = {7CB34D8E-5432-47DB-B756-EA7B562FBB4E}
	EndProjectSection
EndProject
Project("{8BC9CEB8-8B4A-11D0-8D11-00A0C91BC942}") = "libcdata", "libcdata\libcdata.vcproj", "{95F5AEF0-07FA-4490-877A-C0EF5E3308D1}"
	ProjectSection(ProjectDependencies) = postProject
		{FF9B9505-42C9-4999-AB7E-4D80F4B6FD9E} = {FF9B9505-42C9-4999-AB7E-4D80F4B6FD9E}
		{96E1D43C-248B-45A4-A1ED-196E1C2F89CB} = {96E1D43C-248B-45A4-A1ED-196E1C2F89CB}
	EndProjectSection
EndProject
Project("{8BC9CEB8-8B4A-11D0-8D11-00A0C91BC942}") = "libcsplit", "libcsplit\libcsplit.vcproj", "{B14DC2BF-E20A-4E77-81F0-7A16BA2E0095}"
	ProjectSection(ProjectDependencies) = postProject
		{FF9B9505-42C9-4999-AB7E-4D80F4B6FD9E} = {FF9B9505-42C9-4999-AB7E-4D80F4B6FD9E}
	EndProjectSection
EndProject
Project("{8BC9CEB8-8B4A-11D0-8D11-00A0C91BC942}") = "fsfatinfo", "fsfatinfo\fsfatinfo.vcproj", "{7A4E56AC-7C1B-46CB-A726-1F23F595146B}"
	ProjectSection(ProjectDependencies) = postProject
		{AC511E9D-B00B-44E5-8908-291DE0243172} = {AC511E9D-B00B-44E5-8908-291DE0243172}
		{A3D5097B-78C5-4823-8183-7B3E18DEF1AA} = {A3D5097B-78C5-4823-8183-7B3E18DEF1AA}
		{D6DBB30D-47BD-4448-A5AA-ED3F341EC8F9} = {D6DBB30D-47BD-4448-A5AA-ED3F341EC8F9}
		{5C561721-A66D-49A7-8354-608E5C89D8B1} = {5C561721-A66D-49A7-8354-608E5C89D8B1}
		{ADD54772-6FD9-435B-9A70-48C3BD319270} = {ADD54772-6FD9-435B-9A70-48C3BD319270}
		{A89DFB45-4C47-47B7-8C3D-9EED873B308B} = {A89DFB45-4C47-47B7-8C3D-9EED873B308B}
		{353314D3-1DA9-4E86-BDCB-E96C5FD2F0E7} = {353314D3-1DA9-4E86-BDCB-E96C5FD2F0E7}
		{B14DC2BF-E20A-4E77-81F0-7A16BA2E0095} = {B14DC2BF-E20A-4E77-81F0-7A16BA2E0095}
		{95F5AEF0-07FA-4490-877A-C0EF5E3308D1} = {95F5AEF0-07FA-4490-877A-C0EF5E3308D1}
		{12B25C89-E298-4C49-B2AF-CD79F22FB5D8} = {12B25C89-E298-4C49-B2AF-CD79F22FB5D8}
		{61D70317-8A30-4D91-9A37-61B6AB1EF5EC} = {61D70317-8A30-4D91-9A37-61B6AB1EF5EC}
		{DBCA2B20-F9FC-4FC5-AD1F-F5C9E38D4C5C} = {DBCA2B20-F9FC-4FC5-AD1F-F5C9E38D4C5C}
		{FF9B9505-42C9-4999-AB7E-4D80F4B6FD9E} = {FF9B9505-42C9-4999-AB7E-4D80F4B6FD9E}
	EndProjectSection
EndProject
Project("{8BC9CEB8-8B4A-11D0-8D11-00A0C91BC942}") = "fsfatmount", "fsfatmount\fsfatmount.vcproj", "{57937028-72A0-438B-B80E-CD504959261B}"
	ProjectSection(ProjectDependencies) = postProject
		{5C561721-A66D-49A7-8354-608E5C89D8B1} = {5C561721-A66D-49A7-8354-608E5C89D8B1}
		{ADD54772-6FD9-435B-9A70-48C3BD319270} = {ADD54772-6FD9-435B-9A70-48C3BD319270}
		{A89DFB45-4C47-47B7-8C3D-9EED873B308B} = {A89DFB45-4C47-47B7-8C3D-9EED873B308B}
		{353314D3-1DA9-4E86-BDCB-E96C5FD2F0E7} = {353314D3-1DA9-4E86-BDCB-E96C5FD2F0E7}
		{B14DC2BF-E20A-4E77-81F0-7A16BA2E0095} = {B14DC2BF-E20A-4E77-81F0-7A16BA2E0095}
		{12B25C89-E298-4C49-B2AF-CD79F22FB5D8} = {12B25C89-E298-4C49-B2AF-CD79F22FB5D8}
		{61D70317-8A30-4D91-9A37-61B6AB1EF5EC} = {61D70317-8A30-4D91-9A37-61B6AB1EF5EC}
		{95F5AEF0-07FA-4490-877A-C0EF5E3308D1} = {95F5AEF0-07FA-4490-877A-C0EF5E3308D1}
		{DBCA2B20-F9FC-4FC5-AD1F-F5C9E38D4C5C} = {DBCA2B20-F9FC-4FC5-AD1F-F5C9E38D4C5C}
		{FF9B9505-42C9-4999-AB7E-4D80F4B6FD9E} = {FF9B9505-42C9-4999-AB7E-4D80F4B6FD9E}
	EndProjectSection
EndProject
Project("{8BC9CEB8-8B4A-11D0-8D11-00A0C91BC942}") = "libfsfat", "libfsfat\libfsfat.vcproj", "{DBCA2B20-F9FC-4FC5-AD1F-F5C9E38D4C5C}"
	ProjectSection(ProjectDependencies) = postProject
		{FF9B9505-42C9-4999-AB7E-4D80F4B6FD9E} = {FF9B9505-42C9-4999-AB7E-4D80F4B6FD9E}
		{96E1D43C-248B-45A4-A1ED-196E1C2F89CB} = {96E1D43C-248B-45A4-A1ED-196E1C2F89CB}
		{95F5AEF0-07FA-4490-877A-C0EF5E3308D1} = {95F5AEF0-07FA-4490-877A-C0EF5E3308D1}
		{61D70317-8A30-4D91-9A37-61B6AB1EF5EC} = {61D70317-8A30-4D91-9A37-61B6AB1EF5EC}
		{12B25C89-E298-4C49-B2AF-CD79F22FB5D8} = {12B25C89-E298-4C49-B2AF-CD79F22FB5D8}
		{B14DC2BF-E20A-4E77-81F0-7A16BA2E0095} = {B14DC2BF-E20A-4E77-81F0-7A16BA2E0095}
		{353314D3-1DA9-4E86-BDCB-E96C5FD2F0E7} = {353314D3-1DA9-4E86-BDCB-E96C5FD2F0E7}
		{A89DFB45-4C47-47B7-8C3D-9EED873B308B} = {A89DFB45-4C47-47B7-8C3D-9EED873B308B}
		{ADD54772-6FD9-435B-9A70-48C3BD319270} = {ADD54772-6FD9-435B-9A70-48C3BD319270}
		{5C561721-A66D-49A7-8354-608E5C89D8B1} = {5C561721-A66D-49A7-8354-608E5C89D8B1}
		{7CB34D8E-5432-47DB-B756-EA7B562FBB4E} = {7CB34D8E-5432-47DB-B756-EA7B562FBB4E}
		{0996D11C-317A-4D60-A09F-B11DBECEDF55} = {0996D11C-317A-4D60-A09F-B11DBECEDF55}
		{D6DBB30D-47BD-4448-A5AA-ED3F341EC8F9} = {D6DBB30D-47BD-4448-A5AA-ED3F341EC8F9}
		{A3D5097B-78C5-4823-8183-7B3E18DEF1AA} = {A3D5097B-78C5-4823-8183-7B3E18DEF1AA}
	EndProjectSection
EndProject
Global
	GlobalSection(SolutionConfigurationPlatforms) = preSolution
		Release|Win32 = Release|Win32
		VSDebug|Win32 = VSDebug|Win32
	EndGlobalSection
	GlobalSection(ProjectConfigurationPlatforms) = postSolution
		{7CB34D8E-5432-47DB-B756-EA7B562FBB4E}.Release|Win32.ActiveCfg = Release|Win32
		{7CB34D8E-5432-47DB-B756-EA7B562FBB4E}.Release|Win32.Build.0 = Release|Win32
		{7CB34D8E-5432-47DB-B756-EA7B562FBB4E}.VSDebug|Win32.ActiveCfg = VSDebug|Win32
		{7CB34D8E-5432-47DB-B756-EA7B562FBB4E}.VSDebug|Win32.Build.0 = VSDebug|Win32
		{A3D5097B-78C5-4823-8183-7B3E18DEF1AA}.Release|Win32.ActiveCfg = Release|Win32
		{A3D5097B-78C5-4823-8183-7B3E18DEF1AA}.Release|Win32.Build.0 = Release|Win32
		{A3D5097B-78C5-4823-8183-7B3E18DEF1AA}.VSDebug|Win32.ActiveCfg = VSDebug|Win32
		{A3D5097B-78C5-4823-8183-7B3E18DEF1AA}.VSDebug|Win32.Build.0 = VSDebug|Win32
		{0D21B569-A558-40A4-9C0C-565AAB508DD9}.Release|Win32.ActiveCfg = Release|Win32
		{0D21B569-A558-40A4-9C0C-565AAB508DD9}.Release|Win32.Build.0 = Release|Win32
		{0D21B569-A558-40A4-9C0C-565AAB508DD9}.VSDebug|Win32.ActiveCfg = VSDebug|Win32
		{0D21B569-A558-40A4-9C0C-565AAB508DD9}.VSDebug|Win32.Build.0 = VSDebug|Win32
		{E16D6B74-D54E-462C-BBDF-F91F06542B69}.Release|Win32.ActiveCfg = Release|Win32
		{E16D6B74-D54E-462C-BBDF-F91F06542B69}.Release|Win32.Build.0 = Release|Win32
		{E16D6B74-D54E-462C-BBDF-F91F06542B69}.VSDebug|Win32.ActiveCfg = VSDebug|Win32
		{E16D6B74-D54E-462C-BBDF-F91F06542B69}.VSDebug|Win32.Build.0 = VSDebug|Win32
		{9E0C5754-EADF-4482-8F63-6C4CA1C4602E}.Release|Win32.ActiveCfg = Release|Win32
		{9E0C5754-EADF-4482-8F63-6C4CA1C4602E}.Release|Win32.Build.0 = Release|Win32
		{9E0C5754-EADF-4482-8F63-6C4CA1C4602E}.VSDebug|Win32.ActiveCfg = VSDebug|Win32
		{9E0C5754-EADF-4482-8F63-6C4CA1C4602E}.VSDebug|Win32.Build.0 = VSDebug|Win32
		{2225873B-A7AC-41AE-BE5D-985EEEA6A30F}.Release|Win32.ActiveCfg = Release|Win32
		{2225873B-A7AC-41AE-BE5D-985EEEA6A30F}.Release|Win32.Build.0 = Release|Win32
		{2225873B-A7AC-41AE-BE5D-985EEEA6A30F}.VSDebug|Win32.ActiveCfg = VSDebug|Win32
		{2225873B-A7AC-41AE-BE5D-985EEEA6A30F}.VSDebug|Win32.Build.0 = VSDebug|Win32
		{B6D6289D-E1A3-4ACD-8462-8A2D8FB8AA32}.Release|Win32.ActiveCfg = Release|Win32
		{B6D6289D-E1A3-4ACD-8462-8A2D8FB8AA32}.Release|Win32.Build.0 = Release|Win32
		{B6D6289D-E1A3-4ACD-8462-8A2D8FB8AA32}.VSDebug|Win32.ActiveCfg = VSDebug|Win32
		{B6D6289D-E1A3-4ACD-8462-8A2D8FB8AA32}.VSDebug|Win32.Build.0 = VSDebug|Win32
		{E24F1A2D-0A93-442A-9243-A8C0371D5DA8}.Release|Win32.ActiveCfg = Release|Win32
		{E24F1A2D-0A93-442A-9243-A8C0371D5DA8}.Release|Win32.Build.0 = Release|Win32
		{E24F1A2D-0A93-442A-9243-A8C0371D5DA8}.VSDebug|Win32.ActiveCfg = VSDebug|Win32
		{E24F1A2D-0A93-442A-9243-A8C0371D5DA8}.VSDebug|Win32.Build.0 = VSDebug|Win32
		{BA130E31-0262-47A9-A617-ED6798AE59AF}.Release|Win32.ActiveCfg = Release|Win32
		{BA130E31-0262-47A9-A617-ED6798AE59AF}.Release|Win32.Build.0 = Release|Win32
		{BA130E31-0262-47A9-A617-ED6798AE59AF}.VSDebug|Win32.ActiveCfg = VSDebug|Win32
		{BA130E31-0262-47A9-A617-ED6798AE59AF}.VSDebug|Win32.Build.0 = VSDebug|Win32
		{8835CA79-0E3F-4967-AEAD-A661E0736682}.Release|Win32.ActiveCfg = Release|Win32
		{8835CA79-0E3F-4967-AEAD-A661E0736682}.Release|Win32.Build.0 = Release|Win32
		{8835CA79-0E3F-4967-AEAD-A661E0736682}.VSDebug|Win32.ActiveCfg = VSDebug|Win32
		{8835CA79-0E3F-4967-AEAD-A661E0736682}.VSDebug|Win32.Build.0 = VSDebug|Win32
		{B6A46CC0-1BA1-4414-9D46-02FAE71284CA}.Release|Win32.ActiveCfg = Release|Win32
		{B6A46CC0-1BA1-4414-9D46-02FAE71284CA}.Release|Win32.Build.0 = Release|Win32
		{B6A46CC0-1BA1-4414-9D46-02FAE71284CA}.VSDebug|Win32.ActiveCfg = VSDebug|Win32
		{B6A46CC0-1BA1-4414-9D46-02FAE71284CA}.VSDebug|Win32.Build.0 = VSDebug|Win32
		{C89D66A6-CF59-459A-9770-127B90C36EDF}.Release|Win32.ActiveCfg = Release|Win32
		{C89D66A6-CF59-459A-9770-127B90C36EDF}.Release|Win32.Build.0 = Release|Win32
		{C89D66A6-CF59-459A-9770-127B90C36EDF}.VSDebug|Win32.ActiveCfg = VSDebug|Win32
		{C89D66A6-CF59-459A-9770-127B90C36EDF}.VSDebug|Win32.Build.0 = VSDebug|Win32
		{F6E55183-BC42-40D5-858C-CD4E4A28E445}.Release|Win32.ActiveCfg = Release|Win32
		{F6E55183-BC42-40D5-858C-CD4E4A28E445}.Release|Win32.Build.0 = Release|Win32
		{F6E55183-BC42-40D5-858C-CD4E4A28E445}.VSDebug|Win32.ActiveCfg = VSDebug|Win32
		{F6E55183-BC42-40D5-858C-CD4E4A28E445}.VSDebug|Win32.Build.0 = VSDebug|Win32
		{15DB19D6-FBE2-459A-8901-1AB71E5974C8}.Release|Win32.ActiveCfg = Release|Win32
		{15DB19D6-FBE2-459A-8901-1AB71E5974C8}.Release|Win32.Build.0 = Release|Win32
		{15DB19D6-FBE2-459A-8901-1AB71E5974C8}.VSDebug|Win32.ActiveCfg = VSDebug|Win32
		{15DB19D6-FBE2-459A-8901-1AB71E5974C8}.VSDebug|Win32.Build.0 = VSDebug|Win32
		{EFDDA95B-6A03-4137-81F0-33859DA4727E}.Release|Win32.ActiveCfg = Release|Win32
		{EFDDA95B-6A03-4137-81F0-33859DA4727E}.Release|Win32.Build.0 = Release|Win32
		{EFDDA95B-6A03-4137-81F0-33859DA4727E}.VSDebug|Win32.ActiveCfg = VSDebug|Win32
		{EFDDA95B-6A03-4137-81F0-33859DA4727E}.VSDebug|Win32.Build.0 = VSDebug|Win32
		{43808E5A-8841-4948-921C-E75FF8BC3E83}.Release|Win32.ActiveCfg = Release|Win32
		{43808E5A-8841-4948-921C-E75FF8BC3E83}.Release|Win32.Build.0 = Release|Win32
		{43808E5A-8841-4948-921C-E75FF8BC3E83}.VSDebug|Win32.ActiveCfg = VSDebug|Win32
		{43808E5A-8841-4948-921C-E75FF8BC3E83}.VSDebug|Win32.Build.0 = VSDebug|Win32
		{F76B0C69-11B7-416F-A3B2-FCE85027EB1A}.Release|Win32.ActiveCfg = Release|Win32
		{F76B0C69-11B7-416F-A3B2-FCE85027EB1A}.Release|Win32.Build.0 = Release|Win32
		{F76B0C69-11B7-416F-A3B2-FCE85027EB1A}.VSDebug|Win32.ActiveCfg = VSDebug|Win32
		{F76B0C69-11B7-416F-A3B2-FCE85027EB1A}.VSDebug|Win32.Build.0 = VSDebug|Win32
		{81C7E33D-6C51-46C8-A741-FC7A9DE3CB77}.Release|Win32.ActiveCfg = Release|Win32
		{81C7E33D-6C51-46C8-A741-FC7A9DE3CB77}.Release|Win32.Build.0 = Release|Win32
		{81C7E33D-6C51-46C8-A741-FC7A9DE3CB77}.VSDebug|Win32.ActiveCfg = VSDebug|Win32
		{81C7E33D-6C51-46C8-A741-FC7A9DE3CB77}.VSDebug|Win32.Build.0 = VSDebug|Win32
		{B22409DC-F749-429A-B211-E11E7D0BE091}.Release|Win32.ActiveCfg = Release|Win32
		{B22409DC-F749-429A-B211-E11E7D0BE091}.Release|Win32.Build.0 = Release|Win32
		{B22409DC-F749-429A-B211-E11E7D0BE091}.VSDebug|Win32.ActiveCfg = VSDebug|Win32
		{B22409DC-F749-429A-B211-E11E7D0BE091}.VSDebug|Win32.Build.0 = VSDebug|Win32
		{8830230B-480C-41F5-B45B-E3AC0DB8BAC9}.Release|Win32.ActiveCfg = Release|Win32
		{8830230B-480C-41F5-B45B-E3AC0DB8BAC9}.Release|Win32.Build.0 = Release|Win32
		{8830230B-480C-41F5-B45B-E3AC0DB8BAC9}.VSDebug|Win32.ActiveCfg = VSDebug|Win32
		{8830230B-480C-41F5-B45B-E3AC0DB8BAC9}.VSDebug|Win32.Build.0 = VSDebug|Win32
		{61D70317-8A30-4D91-9A37-61B6AB1EF5EC}.Release|Win32.ActiveCfg = Release|Win32
		{61D70317-8A30-4D91-9A37-61B6AB1EF5EC}.Release|Win32.Build.0 = Release|Win32
		{61D70317-8A30-4D91-9A37-61B6AB1EF5EC}.VSDebug|Win32.ActiveCfg = VSDebug|Win32
		{61D70317-8A30-4D91-9A37-61B6AB1EF5EC}.VSDebug|Win32.Build.0 = VSDebug|Win32
		{5C561721-A66D-49A7-8354-608E5C89D8B1}.Release|Win32.ActiveCfg = Release|Win32
		{5C561721-A66D-49A7-8354-608E5C89D8B1}.Release|Win32.Build.0 = Release|Win32
		{5C561721-A66D-49A7-8354-608E5C89D8B1}.VSDebug|Win32.ActiveCfg = VSDebug|Win32
		{5C561721-A66D-49A7-8354-608E5C89D8B1}.VSDebug|Win32.Build.0 = VSDebug|Win32
		{D6DBB30D-47BD-4448-A5AA-ED3F341EC8F9}.Release|Win32.ActiveCfg = Release|Win32
		{D6DBB30D-47BD-4448-A5AA-ED3F341EC8F9}.Release|Win32.Build.0 = Release|Win32
		{D6DBB30D-47BD-4448-A5AA-ED3F341EC8F9}.VSDebug|Win32.ActiveCfg = VSDebug|Win32
		{D6DBB30D-47BD-4448-A5AA-ED3F341EC8F9}.VSDebug|Win32.Build.0 = VSDebug|Win32
		{A89DFB45-4C47-47B7-8C3D-9EED873B308B}.Release|Win32.ActiveCfg = Release|Win32
		{A89DFB45-4C47-47B7-8C3D-9EED873B308B}.Release|Win32.Build.0 = Release|Win32
		{A89DFB45-4C47-47B7-8C3D-9EED873B308B}.VSDebug|Win32.ActiveCfg = VSDebug|Win32
		{A89DFB45-4C47-47B7-8C3D-9EED873B308B}.VSDebug|Win32.Build.0 = VSDebug|Win32
		{96E1D43C-248B-45A4-A1ED-196E1C2F89CB}.Release|Win32.ActiveCfg = Release|Win32
		{96E1D43C-248B-45A4-A1ED-196E1C2F89CB}.Release|Win32.Build.0 = Release|Win32
		{96E1D43C-248B-45A4-A1ED-196E1C2F89CB}.VSDebug|Win32.ActiveCfg = VSDebug|Win32
		{96E1D43C-248B-45A4-A1ED-196E1C2F89CB}.VSDebug|Win32.Build.0 = VSDebug|Win32
		{ADD54772-6FD9-435B-9A70-48C3BD319270}.Release|Win32.ActiveCfg = Release|Win32
		{ADD54772-6FD9-435B-9A70-48C3BD319270}.Release|Win32.Build.0 = Release|Win32
		{ADD54772-6FD9-435B-9A70-48C3BD319270}.VSDebug|Win32.ActiveCfg = VSDebug|Win32
		{ADD54772-6FD9-435B-9A70-48C3BD319270}.VSDebug|Win32.Build.0 = VSDebug|Win32
		{AC511E9D-B00B-44E5-8908-291DE0243172}.Release|Win32.ActiveCfg = Release|Win32
		{AC511E9D-B00B-44E5-8908-291DE0243172}.Release|Win32.Build.0 = Release|Win32
		{AC511E9D-B00B-44E5-8908-291DE0243172}.VSDebug|Win32.ActiveCfg = VSDebug|Win32
		{AC511E9D-B00B-44E5-8908-291DE0243172}.VSDebug|Win32.Build.0 = VSDebug|Win32
		{353314D3-1DA9-4E86-BDCB-E96C5FD2F0E7}.Release|Win32.ActiveCfg = Release|Win32
		{353314D3-1DA9-4E86-BDCB-E96C5FD2F0E7}.Release|Win32.Build.0 = Release|Win32
		{353314D3-1DA9-4E86-BDCB-E96C5FD2F0E7}.VSDebug|Win32.ActiveCfg = VSDebug|Win32
		{353314D3-1DA9-4E86-BDCB-E96C5FD2F0E7}.VSDebug|Win32.Build.0 = VSDebug|Win32
		{FF9B9505-42C9-4999-AB7E-4D80F4B6FD9E}.Release|Win32.ActiveCfg = Release|Win32
		{FF9B9505-42C9-4999-AB7E-4D80F4B6FD9E}.Release|Win32.Build.0 = Release|Win32
		{FF9B9505-42C9-4999-AB7E-4D80F4B6FD9E}.VSDebug|Win32.ActiveCfg = VSDebug|Win32
		{FF9B9505-42C9-4999-AB7E-4D80F4B6FD9E}.VSDebug|Win32.Build.0 = VSDebug|Win32
		{12B25C89-E298-4C49-B2AF-CD79F22FB5D8}.Release|Win32.ActiveCfg = Release|Win32
		{12B25C89-E298-4C49-B2AF-CD79F22FB5D8}.Release|Win32.Build.0 = Release|Win32
		{12B25C89-E298-4C49-B2AF-CD79F22FB5D8}.VSDebug|Win32.ActiveCfg = VSDebug|Win32
		{12B25C89-E298-4C49-B2AF-CD79F22FB5D8}.VSDebug|Win32.Build.0 = VSDebug|Win32
		{4CB7F928-1A2F-46CD-B339-523E3A6ADF45}.Release|Win32.ActiveCfg = Release|Win32
		{4CB7F928-1A2F-46CD-B339-523E3A6ADF45}.Release|Win32.Build.0 = Release|Win32
		{4CB7F928-1A2F-46CD-B339-523E3A6ADF45}.VSDebug|Win32.ActiveCfg = VSDebug|Win32
		{4CB7F928-1A2F-46CD-B339-523E3A6ADF45}.VSDebug|Win32.Build.0 = VSDebug|Win32
		{0996D11C-317A-4D60-A09F-B11DBECEDF55}.Release|Win32.ActiveCfg = Release|Win32
		{0996D11C-317A-4D60-A09F-B11DBECEDF55}.Release|Win32.Build.0 = Release|Win32
		{0996D11C-317A-4D60-A09F-B11DBECEDF55}.VSDebug|Win32.ActiveCfg = VSDebug|Win32
		{0996D11C-317A-4D60-A09F-B11DBECEDF55}.VSDebug|Win32.Build.0 = VSDebug|Win32
		{95F5AEF0-07FA-4490-877A-C0EF5E3308D1}.Release|Win32.ActiveCfg = Release|Win32
		{95F5AEF0-07FA-4490-877A-C0EF5E3308D1}.Release|Win32.Build.0 = Release|Win32
		{95F5AEF0-07FA-4490-877A-C0EF5E3308D1}.VSDebug|Win32.ActiveCfg = VSDebug|Win32
		{95F5AEF0-07FA-4490-877A-C0EF5E3308D1}.VSDebug|Win32.Build.0 = VSDebug|Win32
		{B14DC2BF-E20A-4E77-81F0-7A16BA2E0095}.Release|Win32.ActiveCfg = Release|Win32
		{B14DC2BF-E20A-4E77-81F0-7A16BA2E0095}.Release|Win32.Build.0 = Release|Win32
		{B14DC2BF-E20A-4E77-81F0-7A16BA2E0095}.VSDebug|Win32.ActiveCfg = VSDebug|Win32
		{B14DC2BF-E20A-4E77-81F0-7A16BA2E0095}.VSDebug|Win32.Build.0 = VSDebug|Win32
		{7A4E56AC-7C1B-46CB-A726-1F23F595146B}.Release|Win32.ActiveCfg = Release|Win32
		{7A4E56AC-7C1B-46CB-A726-1F23F595146B}.Release|Win32.Build.0 = Release|Win32
		{7A4E56AC-7C1B-46CB-A726-1F23F595146B}.VSDebug|Win32.ActiveCfg = VSDebug|Win32
		{7A4E56AC-7C1B-46CB-A726-1F23F595146B}.VSDebug|Win32.Build.0 = VSDebug|Win32
		{57937028-72A0-438B-B80E-CD504959261B}.Release|Win32.ActiveCfg = Release|Win32
		{57937028-72A0-438B-B80E-CD504959261B}.Release|Win32.Build.0 = Release|Win32
		{57937028-72A0-438B-B80E-CD504959261B}.VSDebug|Win32.ActiveCfg = VSDebug|Win32
		{57937028-72A0-438B-B80E-CD504959261B}.VSDebug|Win32.Build.0 = VSDebug|Win32
		{DBCA2B20-F9FC-4FC5-AD1F-F5C9E38D4C5C}.Release|Win32.ActiveCfg = Release|Win32
		{DBCA2B20-F9FC-4FC5-AD1F-F5C9E38D4C5C}.Release|Win32.Build.0 = Release|Win32
		{DBCA2B20-F9FC-4FC5-AD1F-F5C9E38D4C5C}.VSDebug|Win32.ActiveCfg = VSDebug|Win32
		{DBCA2B20-F9FC-4FC5-AD1F-F5C9E38D4C5C}.VSDebug|Win32.Build.0 = VSDebug|Win32
	EndGlobalSection
	GlobalSection(SolutionProperties) = preSolution
		HideSolutionNode = FALSE
	EndGlobalSection
EndGlobal
